// !$*UTF8*$!
{
	archiveVersion = 1;
	classes = {
	};
	objectVersion = 46;
	objects = {

/* Begin PBXBuildFile section */
		C2456DC31C50CF0900A793A4 /* main.m in Sources */ = {isa = PBXBuildFile; fileRef = C2456DC21C50CF0900A793A4 /* main.m */; };
		C2456DC61C50CF0900A793A4 /* AppDelegate.m in Sources */ = {isa = PBXBuildFile; fileRef = C2456DC51C50CF0900A793A4 /* AppDelegate.m */; };
		C2456DCC1C50CF0900A793A4 /* Main.storyboard in Resources */ = {isa = PBXBuildFile; fileRef = C2456DCA1C50CF0900A793A4 /* Main.storyboard */; };
		C2456DCE1C50CF0900A793A4 /* Assets.xcassets in Resources */ = {isa = PBXBuildFile; fileRef = C2456DCD1C50CF0900A793A4 /* Assets.xcassets */; };
		C2456DD11C50CF0900A793A4 /* LaunchScreen.storyboard in Resources */ = {isa = PBXBuildFile; fileRef = C2456DCF1C50CF0900A793A4 /* LaunchScreen.storyboard */; };
		C2456DDC1C50D8E000A793A4 /* DataModel.m in Sources */ = {isa = PBXBuildFile; fileRef = C2456DDB1C50D8E000A793A4 /* DataModel.m */; };
		C2456DDF1C50D94E00A793A4 /* MainTableViewController.m in Sources */ = {isa = PBXBuildFile; fileRef = C2456DDE1C50D94E00A793A4 /* MainTableViewController.m */; };
		C2456DE31C50DA1C00A793A4 /* SimpleTableViewController.m in Sources */ = {isa = PBXBuildFile; fileRef = C2456DE21C50DA1C00A793A4 /* SimpleTableViewController.m */; };
		C2456DF01C51B8A000A793A4 /* HMRefresh.bundle in Resources */ = {isa = PBXBuildFile; fileRef = C2456DED1C51B8A000A793A4 /* HMRefresh.bundle */; };
		C2456DF11C51B8A000A793A4 /* HMRefreshView.m in Sources */ = {isa = PBXBuildFile; fileRef = C2456DEF1C51B8A000A793A4 /* HMRefreshView.m */; };
		C2456DF41C51BC8500A793A4 /* HMRefreshControl.m in Sources */ = {isa = PBXBuildFile; fileRef = C2456DF31C51BC8500A793A4 /* HMRefreshControl.m */; };
		C25056141C51EF8700EC7C67 /* SimpleCollectionViewController.m in Sources */ = {isa = PBXBuildFile; fileRef = C25056131C51EF8700EC7C67 /* SimpleCollectionViewController.m */; };
		C25056171C51F91300EC7C67 /* DemoCollectionViewCell.m in Sources */ = {isa = PBXBuildFile; fileRef = C25056161C51F91300EC7C67 /* DemoCollectionViewCell.m */; };
		C250561A1C520A0E00EC7C67 /* CustomTableViewController.m in Sources */ = {isa = PBXBuildFile; fileRef = C25056191C520A0E00EC7C67 /* CustomTableViewController.m */; };
		C2EB654A1C520B480040A4B4 /* DemoRefreshView.m in Sources */ = {isa = PBXBuildFile; fileRef = C2EB65491C520B480040A4B4 /* DemoRefreshView.m */; };
		C2EB654C1C520B680040A4B4 /* DemoRefreshView.xib in Resources */ = {isa = PBXBuildFile; fileRef = C2EB654B1C520B680040A4B4 /* DemoRefreshView.xib */; };
/* End PBXBuildFile section */

/* Begin PBXFileReference section */
		C2456DBE1C50CF0900A793A4 /* HMRefresh.app */ = {isa = PBXFileReference; explicitFileType = wrapper.application; includeInIndex = 0; path = HMRefresh.app; sourceTree = BUILT_PRODUCTS_DIR; };
		C2456DC21C50CF0900A793A4 /* main.m */ = {isa = PBXFileReference; lastKnownFileType = sourcecode.c.objc; path = main.m; sourceTree = "<group>"; };
		C2456DC41C50CF0900A793A4 /* AppDelegate.h */ = {isa = PBXFileReference; lastKnownFileType = sourcecode.c.h; path = AppDelegate.h; sourceTree = "<group>"; };
		C2456DC51C50CF0900A793A4 /* AppDelegate.m */ = {isa = PBXFileReference; lastKnownFileType = sourcecode.c.objc; path = AppDelegate.m; sourceTree = "<group>"; };
		C2456DCB1C50CF0900A793A4 /* Base */ = {isa = PBXFileReference; lastKnownFileType = file.storyboard; name = Base; path = Base.lproj/Main.storyboard; sourceTree = "<group>"; };
		C2456DCD1C50CF0900A793A4 /* Assets.xcassets */ = {isa = PBXFileReference; lastKnownFileType = folder.assetcatalog; path = Assets.xcassets; sourceTree = "<group>"; };
		C2456DD01C50CF0900A793A4 /* Base */ = {isa = PBXFileReference; lastKnownFileType = file.storyboard; name = Base; path = Base.lproj/LaunchScreen.storyboard; sourceTree = "<group>"; };
		C2456DD21C50CF0900A793A4 /* Info.plist */ = {isa = PBXFileReference; lastKnownFileType = text.plist.xml; path = Info.plist; sourceTree = "<group>"; };
		C2456DDA1C50D8E000A793A4 /* DataModel.h */ = {isa = PBXFileReference; fileEncoding = 4; lastKnownFileType = sourcecode.c.h; path = DataModel.h; sourceTree = "<group>"; };
		C2456DDB1C50D8E000A793A4 /* DataModel.m */ = {isa = PBXFileReference; fileEncoding = 4; lastKnownFileType = sourcecode.c.objc; path = DataModel.m; sourceTree = "<group>"; };
		C2456DDD1C50D94E00A793A4 /* MainTableViewController.h */ = {isa = PBXFileReference; fileEncoding = 4; lastKnownFileType = sourcecode.c.h; path = MainTableViewController.h; sourceTree = "<group>"; };
		C2456DDE1C50D94E00A793A4 /* MainTableViewController.m */ = {isa = PBXFileReference; fileEncoding = 4; lastKnownFileType = sourcecode.c.objc; path = MainTableViewController.m; sourceTree = "<group>"; };
		C2456DE11C50DA1C00A793A4 /* SimpleTableViewController.h */ = {isa = PBXFileReference; fileEncoding = 4; lastKnownFileType = sourcecode.c.h; path = SimpleTableViewController.h; sourceTree = "<group>"; };
		C2456DE21C50DA1C00A793A4 /* SimpleTableViewController.m */ = {isa = PBXFileReference; fileEncoding = 4; lastKnownFileType = sourcecode.c.objc; path = SimpleTableViewController.m; sourceTree = "<group>"; };
		C2456DE41C50DA4000A793A4 /* DemoControllers.h */ = {isa = PBXFileReference; lastKnownFileType = sourcecode.c.h; path = DemoControllers.h; sourceTree = "<group>"; };
		C2456DED1C51B8A000A793A4 /* HMRefresh.bundle */ = {isa = PBXFileReference; lastKnownFileType = "wrapper.plug-in"; path = HMRefresh.bundle; sourceTree = "<group>"; };
		C2456DEE1C51B8A000A793A4 /* HMRefreshView.h */ = {isa = PBXFileReference; fileEncoding = 4; lastKnownFileType = sourcecode.c.h; path = HMRefreshView.h; sourceTree = "<group>"; };
		C2456DEF1C51B8A000A793A4 /* HMRefreshView.m */ = {isa = PBXFileReference; fileEncoding = 4; lastKnownFileType = sourcecode.c.objc; path = HMRefreshView.m; sourceTree = "<group>"; };
		C2456DF21C51BC8500A793A4 /* HMRefreshControl.h */ = {isa = PBXFileReference; fileEncoding = 4; lastKnownFileType = sourcecode.c.h; path = HMRefreshControl.h; sourceTree = "<group>"; };
		C2456DF31C51BC8500A793A4 /* HMRefreshControl.m */ = {isa = PBXFileReference; fileEncoding = 4; lastKnownFileType = sourcecode.c.objc; path = HMRefreshControl.m; sourceTree = "<group>"; };
		C25056121C51EF8700EC7C67 /* SimpleCollectionViewController.h */ = {isa = PBXFileReference; fileEncoding = 4; lastKnownFileType = sourcecode.c.h; path = SimpleCollectionViewController.h; sourceTree = "<group>"; };
		C25056131C51EF8700EC7C67 /* SimpleCollectionViewController.m */ = {isa = PBXFileReference; fileEncoding = 4; lastKnownFileType = sourcecode.c.objc; path = SimpleCollectionViewController.m; sourceTree = "<group>"; };
		C25056151C51F91300EC7C67 /* DemoCollectionViewCell.h */ = {isa = PBXFileReference; fileEncoding = 4; lastKnownFileType = sourcecode.c.h; path = DemoCollectionViewCell.h; sourceTree = "<group>"; };
		C25056161C51F91300EC7C67 /* DemoCollectionViewCell.m */ = {isa = PBXFileReference; fileEncoding = 4; lastKnownFileType = sourcecode.c.objc; path = DemoCollectionViewCell.m; sourceTree = "<group>"; };
		C25056181C520A0E00EC7C67 /* CustomTableViewController.h */ = {isa = PBXFileReference; fileEncoding = 4; lastKnownFileType = sourcecode.c.h; path = CustomTableViewController.h; sourceTree = "<group>"; };
		C25056191C520A0E00EC7C67 /* CustomTableViewController.m */ = {isa = PBXFileReference; fileEncoding = 4; lastKnownFileType = sourcecode.c.objc; path = CustomTableViewController.m; sourceTree = "<group>"; };
		C2EB65481C520B480040A4B4 /* DemoRefreshView.h */ = {isa = PBXFileReference; fileEncoding = 4; lastKnownFileType = sourcecode.c.h; path = DemoRefreshView.h; sourceTree = "<group>"; };
		C2EB65491C520B480040A4B4 /* DemoRefreshView.m */ = {isa = PBXFileReference; fileEncoding = 4; lastKnownFileType = sourcecode.c.objc; path = DemoRefreshView.m; sourceTree = "<group>"; };
		C2EB654B1C520B680040A4B4 /* DemoRefreshView.xib */ = {isa = PBXFileReference; fileEncoding = 4; lastKnownFileType = file.xib; path = DemoRefreshView.xib; sourceTree = "<group>"; };
/* End PBXFileReference section */

/* Begin PBXFrameworksBuildPhase section */
		C2456DBB1C50CF0900A793A4 /* Frameworks */ = {
			isa = PBXFrameworksBuildPhase;
			buildActionMask = 2147483647;
			files = (
			);
			runOnlyForDeploymentPostprocessing = 0;
		};
/* End PBXFrameworksBuildPhase section */

/* Begin PBXGroup section */
		C22ECCB31C520F0400435F16 /* 简单表格 */ = {
			isa = PBXGroup;
			children = (
				C2456DE11C50DA1C00A793A4 /* SimpleTableViewController.h */,
				C2456DE21C50DA1C00A793A4 /* SimpleTableViewController.m */,
			);
			name = "简单表格";
			sourceTree = "<group>";
		};
		C22ECCB41C520F1000435F16 /* 自定义刷新视图 */ = {
			isa = PBXGroup;
			children = (
				C25056181C520A0E00EC7C67 /* CustomTableViewController.h */,
				C25056191C520A0E00EC7C67 /* CustomTableViewController.m */,
				C2EB65481C520B480040A4B4 /* DemoRefreshView.h */,
				C2EB65491C520B480040A4B4 /* DemoRefreshView.m */,
				C2EB654B1C520B680040A4B4 /* DemoRefreshView.xib */,
			);
			name = "自定义刷新视图";
			sourceTree = "<group>";
		};
		C22ECCB51C520F1A00435F16 /* 简单CollectionView */ = {
			isa = PBXGroup;
			children = (
				C25056121C51EF8700EC7C67 /* SimpleCollectionViewController.h */,
				C25056131C51EF8700EC7C67 /* SimpleCollectionViewController.m */,
				C25056151C51F91300EC7C67 /* DemoCollectionViewCell.h */,
				C25056161C51F91300EC7C67 /* DemoCollectionViewCell.m */,
			);
			name = "简单CollectionView";
			sourceTree = "<group>";
		};
		C2456DB51C50CF0900A793A4 = {
			isa = PBXGroup;
			children = (
				C2456DC01C50CF0900A793A4 /* HMRefresh */,
				C2456DBF1C50CF0900A793A4 /* Products */,
			);
			sourceTree = "<group>";
		};
		C2456DBF1C50CF0900A793A4 /* Products */ = {
			isa = PBXGroup;
			children = (
				C2456DBE1C50CF0900A793A4 /* HMRefresh.app */,
			);
			name = Products;
			sourceTree = "<group>";
		};
		C2456DC01C50CF0900A793A4 /* HMRefresh */ = {
			isa = PBXGroup;
			children = (
				C2456DD81C50D8BA00A793A4 /* HMRefresh */,
				C2456DE01C50D9FA00A793A4 /* Demo */,
				C2456DD91C50D8E000A793A4 /* DataModel */,
				C2456DC41C50CF0900A793A4 /* AppDelegate.h */,
				C2456DC51C50CF0900A793A4 /* AppDelegate.m */,
				C2456DDD1C50D94E00A793A4 /* MainTableViewController.h */,
				C2456DDE1C50D94E00A793A4 /* MainTableViewController.m */,
				C2456DCA1C50CF0900A793A4 /* Main.storyboard */,
				C2456DCD1C50CF0900A793A4 /* Assets.xcassets */,
				C2456DCF1C50CF0900A793A4 /* LaunchScreen.storyboard */,
				C2456DD21C50CF0900A793A4 /* Info.plist */,
				C2456DC11C50CF0900A793A4 /* Supporting Files */,
			);
			path = HMRefresh;
			sourceTree = "<group>";
		};
		C2456DC11C50CF0900A793A4 /* Supporting Files */ = {
			isa = PBXGroup;
			children = (
				C2456DC21C50CF0900A793A4 /* main.m */,
			);
			name = "Supporting Files";
			sourceTree = "<group>";
		};
		C2456DD81C50D8BA00A793A4 /* HMRefresh */ = {
			isa = PBXGroup;
			children = (
				C2456DED1C51B8A000A793A4 /* HMRefresh.bundle */,
				C2456DF21C51BC8500A793A4 /* HMRefreshControl.h */,
				C2456DF31C51BC8500A793A4 /* HMRefreshControl.m */,
				C2456DEE1C51B8A000A793A4 /* HMRefreshView.h */,
				C2456DEF1C51B8A000A793A4 /* HMRefreshView.m */,
			);
			path = HMRefresh;
			sourceTree = "<group>";
		};
		C2456DD91C50D8E000A793A4 /* DataModel */ = {
			isa = PBXGroup;
			children = (
				C2456DDA1C50D8E000A793A4 /* DataModel.h */,
				C2456DDB1C50D8E000A793A4 /* DataModel.m */,
			);
			path = DataModel;
			sourceTree = "<group>";
		};
		C2456DE01C50D9FA00A793A4 /* Demo */ = {
			isa = PBXGroup;
			children = (
				C2456DE41C50DA4000A793A4 /* DemoControllers.h */,
				C22ECCB31C520F0400435F16 /* 简单表格 */,
				C22ECCB41C520F1000435F16 /* 自定义刷新视图 */,
				C22ECCB51C520F1A00435F16 /* 简单CollectionView */,
			);
			path = Demo;
			sourceTree = "<group>";
		};
/* End PBXGroup section */

/* Begin PBXNativeTarget section */
		C2456DBD1C50CF0900A793A4 /* HMRefresh */ = {
			isa = PBXNativeTarget;
			buildConfigurationList = C2456DD51C50CF0900A793A4 /* Build configuration list for PBXNativeTarget "HMRefresh" */;
			buildPhases = (
				C2456DBA1C50CF0900A793A4 /* Sources */,
				C2456DBB1C50CF0900A793A4 /* Frameworks */,
				C2456DBC1C50CF0900A793A4 /* Resources */,
			);
			buildRules = (
			);
			dependencies = (
			);
			name = HMRefresh;
			productName = HMRefresh;
			productReference = C2456DBE1C50CF0900A793A4 /* HMRefresh.app */;
			productType = "com.apple.product-type.application";
		};
/* End PBXNativeTarget section */

/* Begin PBXProject section */
		C2456DB61C50CF0900A793A4 /* Project object */ = {
			isa = PBXProject;
			attributes = {
				LastUpgradeCheck = 0730;
				ORGANIZATIONNAME = itheima;
				TargetAttributes = {
					C2456DBD1C50CF0900A793A4 = {
						CreatedOnToolsVersion = 7.3;
					};
				};
			};
			buildConfigurationList = C2456DB91C50CF0900A793A4 /* Build configuration list for PBXProject "HMRefresh" */;
			compatibilityVersion = "Xcode 3.2";
			developmentRegion = English;
			hasScannedForEncodings = 0;
			knownRegions = (
				en,
				Base,
			);
			mainGroup = C2456DB51C50CF0900A793A4;
			productRefGroup = C2456DBF1C50CF0900A793A4 /* Products */;
			projectDirPath = "";
			projectRoot = "";
			targets = (
				C2456DBD1C50CF0900A793A4 /* HMRefresh */,
			);
		};
/* End PBXProject section */

/* Begin PBXResourcesBuildPhase section */
		C2456DBC1C50CF0900A793A4 /* Resources */ = {
			isa = PBXResourcesBuildPhase;
			buildActionMask = 2147483647;
			files = (
				C2456DF01C51B8A000A793A4 /* HMRefresh.bundle in Resources */,
				C2456DD11C50CF0900A793A4 /* LaunchScreen.storyboard in Resources */,
				C2456DCE1C50CF0900A793A4 /* Assets.xcassets in Resources */,
				C2EB654C1C520B680040A4B4 /* DemoRefreshView.xib in Resources */,
				C2456DCC1C50CF0900A793A4 /* Main.storyboard in Resources */,
			);
			runOnlyForDeploymentPostprocessing = 0;
		};
/* End PBXResourcesBuildPhase section */

/* Begin PBXSourcesBuildPhase section */
		C2456DBA1C50CF0900A793A4 /* Sources */ = {
			isa = PBXSourcesBuildPhase;
			buildActionMask = 2147483647;
			files = (
				C25056141C51EF8700EC7C67 /* SimpleCollectionViewController.m in Sources */,
				C2456DDF1C50D94E00A793A4 /* MainTableViewController.m in Sources */,
				C2456DF11C51B8A000A793A4 /* HMRefreshView.m in Sources */,
				C2456DF41C51BC8500A793A4 /* HMRefreshControl.m in Sources */,
				C2456DDC1C50D8E000A793A4 /* DataModel.m in Sources */,
				C2456DE31C50DA1C00A793A4 /* SimpleTableViewController.m in Sources */,
				C2EB654A1C520B480040A4B4 /* DemoRefreshView.m in Sources */,
				C250561A1C520A0E00EC7C67 /* CustomTableViewController.m in Sources */,
				C25056171C51F91300EC7C67 /* DemoCollectionViewCell.m in Sources */,
				C2456DC61C50CF0900A793A4 /* AppDelegate.m in Sources */,
				C2456DC31C50CF0900A793A4 /* main.m in Sources */,
			);
			runOnlyForDeploymentPostprocessing = 0;
		};
/* End PBXSourcesBuildPhase section */

/* Begin PBXVariantGroup section */
		C2456DCA1C50CF0900A793A4 /* Main.storyboard */ = {
			isa = PBXVariantGroup;
			children = (
				C2456DCB1C50CF0900A793A4 /* Base */,
			);
			name = Main.storyboard;
			sourceTree = "<group>";
		};
		C2456DCF1C50CF0900A793A4 /* LaunchScreen.storyboard */ = {
			isa = PBXVariantGroup;
			children = (
				C2456DD01C50CF0900A793A4 /* Base */,
			);
			name = LaunchScreen.storyboard;
			sourceTree = "<group>";
		};
/* End PBXVariantGroup section */

/* Begin XCBuildConfiguration section */
		C2456DD31C50CF0900A793A4 /* Debug */ = {
			isa = XCBuildConfiguration;
			buildSettings = {
				ALWAYS_SEARCH_USER_PATHS = NO;
				CLANG_CXX_LANGUAGE_STANDARD = "gnu++0x";
				CLANG_CXX_LIBRARY = "libc++";
				CLANG_ENABLE_MODULES = YES;
				CLANG_ENABLE_OBJC_ARC = YES;
				CLANG_WARN_BOOL_CONVERSION = YES;
				CLANG_WARN_CONSTANT_CONVERSION = YES;
				CLANG_WARN_DIRECT_OBJC_ISA_USAGE = YES_ERROR;
				CLANG_WARN_EMPTY_BODY = YES;
				CLANG_WARN_ENUM_CONVERSION = YES;
				CLANG_WARN_INT_CONVERSION = YES;
				CLANG_WARN_OBJC_ROOT_CLASS = YES_ERROR;
				CLANG_WARN_UNREACHABLE_CODE = YES;
				CLANG_WARN__DUPLICATE_METHOD_MATCH = YES;
				"CODE_SIGN_IDENTITY[sdk=iphoneos*]" = "iPhone Developer";
				COPY_PHASE_STRIP = NO;
				DEBUG_INFORMATION_FORMAT = dwarf;
				ENABLE_STRICT_OBJC_MSGSEND = YES;
				ENABLE_TESTABILITY = YES;
				GCC_C_LANGUAGE_STANDARD = gnu99;
				GCC_DYNAMIC_NO_PIC = NO;
				GCC_NO_COMMON_BLOCKS = YES;
				GCC_OPTIMIZATION_LEVEL = 0;
				GCC_PREPROCESSOR_DEFINITIONS = (
					"DEBUG=1",
					"$(inherited)",
				);
				GCC_WARN_64_TO_32_BIT_CONVERSION = YES;
				GCC_WARN_ABOUT_RETURN_TYPE = YES_ERROR;
				GCC_WARN_UNDECLARED_SELECTOR = YES;
				GCC_WARN_UNINITIALIZED_AUTOS = YES_AGGRESSIVE;
				GCC_WARN_UNUSED_FUNCTION = YES;
				GCC_WARN_UNUSED_VARIABLE = YES;
				IPHONEOS_DEPLOYMENT_TARGET = 9.3;
				MTL_ENABLE_DEBUG_INFO = YES;
				ONLY_ACTIVE_ARCH = YES;
				SDKROOT = iphoneos;
				TARGETED_DEVICE_FAMILY = "1,2";
			};
			name = Debug;
		};
		C2456DD41C50CF0900A793A4 /* Release */ = {
			isa = XCBuildConfiguration;
			buildSettings = {
				ALWAYS_SEARCH_USER_PATHS = NO;
				CLANG_CXX_LANGUAGE_STANDARD = "gnu++0x";
				CLANG_CXX_LIBRARY = "libc++";
				CLANG_ENABLE_MODULES = YES;
				CLANG_ENABLE_OBJC_ARC = YES;
				CLANG_WARN_BOOL_CONVERSION = YES;
				CLANG_WARN_CONSTANT_CONVERSION = YES;
				CLANG_WARN_DIRECT_OBJC_ISA_USAGE = YES_ERROR;
				CLANG_WARN_EMPTY_BODY = YES;
				CLANG_WARN_ENUM_CONVERSION = YES;
				CLANG_WARN_INT_CONVERSION = YES;
				CLANG_WARN_OBJC_ROOT_CLASS = YES_ERROR;
				CLANG_WARN_UNREACHABLE_CODE = YES;
				CLANG_WARN__DUPLICATE_METHOD_MATCH = YES;
				"CODE_SIGN_IDENTITY[sdk=iphoneos*]" = "iPhone Developer";
				COPY_PHASE_STRIP = NO;
				DEBUG_INFORMATION_FORMAT = "dwarf-with-dsym";
				ENABLE_NS_ASSERTIONS = NO;
				ENABLE_STRICT_OBJC_MSGSEND = YES;
				GCC_C_LANGUAGE_STANDARD = gnu99;
				GCC_NO_COMMON_BLOCKS = YES;
				GCC_WARN_64_TO_32_BIT_CONVERSION = YES;
				GCC_WARN_ABOUT_RETURN_TYPE = YES_ERROR;
				GCC_WARN_UNDECLARED_SELECTOR = YES;
				GCC_WARN_UNINITIALIZED_AUTOS = YES_AGGRESSIVE;
				GCC_WARN_UNUSED_FUNCTION = YES;
				GCC_WARN_UNUSED_VARIABLE = YES;
				IPHONEOS_DEPLOYMENT_TARGET = 9.3;
				MTL_ENABLE_DEBUG_INFO = NO;
				SDKROOT = iphoneos;
				TARGETED_DEVICE_FAMILY = "1,2";
				VALIDATE_PRODUCT = YES;
			};
			name = Release;
		};
		C2456DD61C50CF0900A793A4 /* Debug */ = {
			isa = XCBuildConfiguration;
			buildSettings = {
				ASSETCATALOG_COMPILER_APPICON_NAME = AppIcon;
				INFOPLIST_FILE = HMRefresh/Info.plist;
				IPHONEOS_DEPLOYMENT_TARGET = 8.1;
				LD_RUNPATH_SEARCH_PATHS = "$(inherited) @executable_path/Frameworks";
				PRODUCT_BUNDLE_IDENTIFIER = com.itheima.HMRefresh;
				PRODUCT_NAME = "$(TARGET_NAME)";
			};
			name = Debug;
		};
		C2456DD71C50CF0900A793A4 /* Release */ = {
			isa = XCBuildConfiguration;
			buildSettings = {
				ASSETCATALOG_COMPILER_APPICON_NAME = AppIcon;
				INFOPLIST_FILE = HMRefresh/Info.plist;
				IPHONEOS_DEPLOYMENT_TARGET = 8.1;
				LD_RUNPATH_SEARCH_PATHS = "$(inherited) @executable_path/Frameworks";
				PRODUCT_BUNDLE_IDENTIFIER = com.itheima.HMRefresh;
				PRODUCT_NAME = "$(TARGET_NAME)";
			};
			name = Release;
		};
/* End XCBuildConfiguration section */

/* Begin XCConfigurationList section */
		C2456DB91C50CF0900A793A4 /* Build configuration list for PBXProject "HMRefresh" */ = {
			isa = XCConfigurationList;
			buildConfigurations = (
				C2456DD31C50CF0900A793A4 /* Debug */,
				C2456DD41C50CF0900A793A4 /* Release */,
			);
			defaultConfigurationIsVisible = 0;
			defaultConfigurationName = Release;
		};
		C2456DD51C50CF0900A793A4 /* Build configuration list for PBXNativeTarget "HMRefresh" */ = {
			isa = XCConfigurationList;
			buildConfigurations = (
				C2456DD61C50CF0900A793A4 /* Debug */,
				C2456DD71C50CF0900A793A4 /* Release */,
			);
			defaultConfigurationIsVisible = 0;
			defaultConfigurationName = Release;
		};
/* End XCConfigurationList section */
	};
	rootObject = C2456DB61C50CF0900A793A4 /* Project object */;
}
