// !$*UTF8*$!
{
	archiveVersion = 1;
	classes = {
	};
	objectVersion = 46;
	objects = {

/* Begin PBXBuildFile section */
		ADF7A617E738CF4396E357E5 /* libPods-HMRefresh.a in Frameworks */ = {isa = PBXBuildFile; fileRef = EC64D32863E90DBFE4AD4139 /* libPods-HMRefresh.a */; };
		C2456DC31C50CF0900A793A4 /* main.m in Sources */ = {isa = PBXBuildFile; fileRef = C2456DC21C50CF0900A793A4 /* main.m */; };
		C2456DC61C50CF0900A793A4 /* AppDelegate.m in Sources */ = {isa = PBXBuildFile; fileRef = C2456DC51C50CF0900A793A4 /* AppDelegate.m */; };
		C2456DCE1C50CF0900A793A4 /* Assets.xcassets in Resources */ = {isa = PBXBuildFile; fileRef = C2456DCD1C50CF0900A793A4 /* Assets.xcassets */; };
		C2456DDC1C50D8E000A793A4 /* DataModel.m in Sources */ = {isa = PBXBuildFile; fileRef = C2456DDB1C50D8E000A793A4 /* DataModel.m */; };
		C2456DDF1C50D94E00A793A4 /* MainTableViewController.m in Sources */ = {isa = PBXBuildFile; fileRef = C2456DDE1C50D94E00A793A4 /* MainTableViewController.m */; };
		C2456DE31C50DA1C00A793A4 /* SimpleTableViewController.m in Sources */ = {isa = PBXBuildFile; fileRef = C2456DE21C50DA1C00A793A4 /* SimpleTableViewController.m */; };
		C2456DF01C51B8A000A793A4 /* HMRefresh.bundle in Resources */ = {isa = PBXBuildFile; fileRef = C2456DED1C51B8A000A793A4 /* HMRefresh.bundle */; };
		C2456DF11C51B8A000A793A4 /* HMRefreshView.m in Sources */ = {isa = PBXBuildFile; fileRef = C2456DEF1C51B8A000A793A4 /* HMRefreshView.m */; };
		C2456DF41C51BC8500A793A4 /* HMRefreshControl.m in Sources */ = {isa = PBXBuildFile; fileRef = C2456DF31C51BC8500A793A4 /* HMRefreshControl.m */; };
		C25056141C51EF8700EC7C67 /* SimpleCollectionViewController.m in Sources */ = {isa = PBXBuildFile; fileRef = C25056131C51EF8700EC7C67 /* SimpleCollectionViewController.m */; };
		C25056171C51F91300EC7C67 /* DemoCollectionViewCell.m in Sources */ = {isa = PBXBuildFile; fileRef = C25056161C51F91300EC7C67 /* DemoCollectionViewCell.m */; };
		C250561A1C520A0E00EC7C67 /* CustomTableViewController.m in Sources */ = {isa = PBXBuildFile; fileRef = C25056191C520A0E00EC7C67 /* CustomTableViewController.m */; };
		C267B13E1C5CC83600CBF3A9 /* SimpleViewController.m in Sources */ = {isa = PBXBuildFile; fileRef = C267B13D1C5CC83600CBF3A9 /* SimpleViewController.m */; };
		C2B8DB041C557012006AD0A1 /* BaiduWMTableViewController.m in Sources */ = {isa = PBXBuildFile; fileRef = C2B8DB031C557012006AD0A1 /* BaiduWMTableViewController.m */; };
		C2B8DB081C557136006AD0A1 /* BaiduWMRefreshView.m in Sources */ = {isa = PBXBuildFile; fileRef = C2B8DB071C557136006AD0A1 /* BaiduWMRefreshView.m */; };
		C2B8DB0A1C557283006AD0A1 /* BaiduWMRefreshView.xib in Resources */ = {isa = PBXBuildFile; fileRef = C2B8DB091C557283006AD0A1 /* BaiduWMRefreshView.xib */; };
		C2E2EE7A1CE5D4FF00C93E33 /* HMView+TableViewController.m in Sources */ = {isa = PBXBuildFile; fileRef = C2E2EE791CE5D4FF00C93E33 /* HMView+TableViewController.m */; };
		C2E2EE7C1CE5D82200C93E33 /* Launch Screen.storyboard in Resources */ = {isa = PBXBuildFile; fileRef = C2E2EE7B1CE5D82200C93E33 /* Launch Screen.storyboard */; };
		C2EB654A1C520B480040A4B4 /* DemoRefreshView.m in Sources */ = {isa = PBXBuildFile; fileRef = C2EB65491C520B480040A4B4 /* DemoRefreshView.m */; };
		C2EB654C1C520B680040A4B4 /* DemoRefreshView.xib in Resources */ = {isa = PBXBuildFile; fileRef = C2EB654B1C520B680040A4B4 /* DemoRefreshView.xib */; };
		C2F95C411C6ED4CA00936BA9 /* DemoModel.m in Sources */ = {isa = PBXBuildFile; fileRef = C2F95C401C6ED4CA00936BA9 /* DemoModel.m */; };
		C2F95C441C6ED81B00936BA9 /* DemoListViewModel.m in Sources */ = {isa = PBXBuildFile; fileRef = C2F95C431C6ED81B00936BA9 /* DemoListViewModel.m */; };
		C2F95C471C6EDAAF00936BA9 /* SimpleCell.m in Sources */ = {isa = PBXBuildFile; fileRef = C2F95C461C6EDAAF00936BA9 /* SimpleCell.m */; };
/* End PBXBuildFile section */

/* Begin PBXFileReference section */
		41FA0DE688F20AC1D8421238 /* Pods-HMRefresh.release.xcconfig */ = {isa = PBXFileReference; includeInIndex = 1; lastKnownFileType = text.xcconfig; name = "Pods-HMRefresh.release.xcconfig"; path = "Pods/Target Support Files/Pods-HMRefresh/Pods-HMRefresh.release.xcconfig"; sourceTree = "<group>"; };
		6660D922B4A84511A96BE30D /* Pods-HMRefresh.debug.xcconfig */ = {isa = PBXFileReference; includeInIndex = 1; lastKnownFileType = text.xcconfig; name = "Pods-HMRefresh.debug.xcconfig"; path = "Pods/Target Support Files/Pods-HMRefresh/Pods-HMRefresh.debug.xcconfig"; sourceTree = "<group>"; };
		C2456DBE1C50CF0900A793A4 /* HMRefresh.app */ = {isa = PBXFileReference; explicitFileType = wrapper.application; includeInIndex = 0; path = HMRefresh.app; sourceTree = BUILT_PRODUCTS_DIR; };
		C2456DC21C50CF0900A793A4 /* main.m */ = {isa = PBXFileReference; lastKnownFileType = sourcecode.c.objc; path = main.m; sourceTree = "<group>"; };
		C2456DC41C50CF0900A793A4 /* AppDelegate.h */ = {isa = PBXFileReference; lastKnownFileType = sourcecode.c.h; path = AppDelegate.h; sourceTree = "<group>"; };
		C2456DC51C50CF0900A793A4 /* AppDelegate.m */ = {isa = PBXFileReference; lastKnownFileType = sourcecode.c.objc; path = AppDelegate.m; sourceTree = "<group>"; };
		C2456DCD1C50CF0900A793A4 /* Assets.xcassets */ = {isa = PBXFileReference; lastKnownFileType = folder.assetcatalog; path = Assets.xcassets; sourceTree = "<group>"; };
		C2456DD21C50CF0900A793A4 /* Info.plist */ = {isa = PBXFileReference; lastKnownFileType = text.plist.xml; path = Info.plist; sourceTree = "<group>"; };
		C2456DDA1C50D8E000A793A4 /* DataModel.h */ = {isa = PBXFileReference; fileEncoding = 4; lastKnownFileType = sourcecode.c.h; path = DataModel.h; sourceTree = "<group>"; };
		C2456DDB1C50D8E000A793A4 /* DataModel.m */ = {isa = PBXFileReference; fileEncoding = 4; lastKnownFileType = sourcecode.c.objc; path = DataModel.m; sourceTree = "<group>"; };
		C2456DDD1C50D94E00A793A4 /* MainTableViewController.h */ = {isa = PBXFileReference; fileEncoding = 4; lastKnownFileType = sourcecode.c.h; path = MainTableViewController.h; sourceTree = "<group>"; };
		C2456DDE1C50D94E00A793A4 /* MainTableViewController.m */ = {isa = PBXFileReference; fileEncoding = 4; lastKnownFileType = sourcecode.c.objc; path = MainTableViewController.m; sourceTree = "<group>"; };
		C2456DE11C50DA1C00A793A4 /* SimpleTableViewController.h */ = {isa = PBXFileReference; fileEncoding = 4; lastKnownFileType = sourcecode.c.h; path = SimpleTableViewController.h; sourceTree = "<group>"; };
		C2456DE21C50DA1C00A793A4 /* SimpleTableViewController.m */ = {isa = PBXFileReference; fileEncoding = 4; lastKnownFileType = sourcecode.c.objc; path = SimpleTableViewController.m; sourceTree = "<group>"; };
		C2456DE41C50DA4000A793A4 /* DemoControllers.h */ = {isa = PBXFileReference; lastKnownFileType = sourcecode.c.h; path = DemoControllers.h; sourceTree = "<group>"; };
		C2456DED1C51B8A000A793A4 /* HMRefresh.bundle */ = {isa = PBXFileReference; lastKnownFileType = "wrapper.plug-in"; path = HMRefresh.bundle; sourceTree = "<group>"; };
		C2456DEE1C51B8A000A793A4 /* HMRefreshView.h */ = {isa = PBXFileReference; fileEncoding = 4; lastKnownFileType = sourcecode.c.h; path = HMRefreshView.h; sourceTree = "<group>"; };
		C2456DEF1C51B8A000A793A4 /* HMRefreshView.m */ = {isa = PBXFileReference; fileEncoding = 4; lastKnownFileType = sourcecode.c.objc; path = HMRefreshView.m; sourceTree = "<group>"; };
		C2456DF21C51BC8500A793A4 /* HMRefreshControl.h */ = {isa = PBXFileReference; fileEncoding = 4; lastKnownFileType = sourcecode.c.h; path = HMRefreshControl.h; sourceTree = "<group>"; };
		C2456DF31C51BC8500A793A4 /* HMRefreshControl.m */ = {isa = PBXFileReference; fileEncoding = 4; lastKnownFileType = sourcecode.c.objc; path = HMRefreshControl.m; sourceTree = "<group>"; };
		C25056121C51EF8700EC7C67 /* SimpleCollectionViewController.h */ = {isa = PBXFileReference; fileEncoding = 4; lastKnownFileType = sourcecode.c.h; path = SimpleCollectionViewController.h; sourceTree = "<group>"; };
		C25056131C51EF8700EC7C67 /* SimpleCollectionViewController.m */ = {isa = PBXFileReference; fileEncoding = 4; lastKnownFileType = sourcecode.c.objc; path = SimpleCollectionViewController.m; sourceTree = "<group>"; };
		C25056151C51F91300EC7C67 /* DemoCollectionViewCell.h */ = {isa = PBXFileReference; fileEncoding = 4; lastKnownFileType = sourcecode.c.h; path = DemoCollectionViewCell.h; sourceTree = "<group>"; };
		C25056161C51F91300EC7C67 /* DemoCollectionViewCell.m */ = {isa = PBXFileReference; fileEncoding = 4; lastKnownFileType = sourcecode.c.objc; path = DemoCollectionViewCell.m; sourceTree = "<group>"; };
		C25056181C520A0E00EC7C67 /* CustomTableViewController.h */ = {isa = PBXFileReference; fileEncoding = 4; lastKnownFileType = sourcecode.c.h; path = CustomTableViewController.h; sourceTree = "<group>"; };
		C25056191C520A0E00EC7C67 /* CustomTableViewController.m */ = {isa = PBXFileReference; fileEncoding = 4; lastKnownFileType = sourcecode.c.objc; path = CustomTableViewController.m; sourceTree = "<group>"; };
		C267B13C1C5CC83600CBF3A9 /* SimpleViewController.h */ = {isa = PBXFileReference; fileEncoding = 4; lastKnownFileType = sourcecode.c.h; path = SimpleViewController.h; sourceTree = "<group>"; };
		C267B13D1C5CC83600CBF3A9 /* SimpleViewController.m */ = {isa = PBXFileReference; fileEncoding = 4; lastKnownFileType = sourcecode.c.objc; path = SimpleViewController.m; sourceTree = "<group>"; };
		C2B8DB021C557012006AD0A1 /* BaiduWMTableViewController.h */ = {isa = PBXFileReference; fileEncoding = 4; lastKnownFileType = sourcecode.c.h; path = BaiduWMTableViewController.h; sourceTree = "<group>"; };
		C2B8DB031C557012006AD0A1 /* BaiduWMTableViewController.m */ = {isa = PBXFileReference; fileEncoding = 4; lastKnownFileType = sourcecode.c.objc; path = BaiduWMTableViewController.m; sourceTree = "<group>"; };
		C2B8DB061C557136006AD0A1 /* BaiduWMRefreshView.h */ = {isa = PBXFileReference; fileEncoding = 4; lastKnownFileType = sourcecode.c.h; path = BaiduWMRefreshView.h; sourceTree = "<group>"; };
		C2B8DB071C557136006AD0A1 /* BaiduWMRefreshView.m */ = {isa = PBXFileReference; fileEncoding = 4; lastKnownFileType = sourcecode.c.objc; path = BaiduWMRefreshView.m; sourceTree = "<group>"; };
		C2B8DB091C557283006AD0A1 /* BaiduWMRefreshView.xib */ = {isa = PBXFileReference; fileEncoding = 4; lastKnownFileType = file.xib; path = BaiduWMRefreshView.xib; sourceTree = "<group>"; };
		C2E2EE781CE5D4FF00C93E33 /* HMView+TableViewController.h */ = {isa = PBXFileReference; fileEncoding = 4; lastKnownFileType = sourcecode.c.h; path = "HMView+TableViewController.h"; sourceTree = "<group>"; };
		C2E2EE791CE5D4FF00C93E33 /* HMView+TableViewController.m */ = {isa = PBXFileReference; fileEncoding = 4; lastKnownFileType = sourcecode.c.objc; path = "HMView+TableViewController.m"; sourceTree = "<group>"; };
		C2E2EE7B1CE5D82200C93E33 /* Launch Screen.storyboard */ = {isa = PBXFileReference; fileEncoding = 4; lastKnownFileType = file.storyboard; path = "Launch Screen.storyboard"; sourceTree = "<group>"; };
		C2EB65481C520B480040A4B4 /* DemoRefreshView.h */ = {isa = PBXFileReference; fileEncoding = 4; lastKnownFileType = sourcecode.c.h; path = DemoRefreshView.h; sourceTree = "<group>"; };
		C2EB65491C520B480040A4B4 /* DemoRefreshView.m */ = {isa = PBXFileReference; fileEncoding = 4; lastKnownFileType = sourcecode.c.objc; path = DemoRefreshView.m; sourceTree = "<group>"; };
		C2EB654B1C520B680040A4B4 /* DemoRefreshView.xib */ = {isa = PBXFileReference; fileEncoding = 4; lastKnownFileType = file.xib; path = DemoRefreshView.xib; sourceTree = "<group>"; };
		C2F95C3F1C6ED4CA00936BA9 /* DemoModel.h */ = {isa = PBXFileReference; fileEncoding = 4; lastKnownFileType = sourcecode.c.h; path = DemoModel.h; sourceTree = "<group>"; };
		C2F95C401C6ED4CA00936BA9 /* DemoModel.m */ = {isa = PBXFileReference; fileEncoding = 4; lastKnownFileType = sourcecode.c.objc; path = DemoModel.m; sourceTree = "<group>"; };
		C2F95C421C6ED81B00936BA9 /* DemoListViewModel.h */ = {isa = PBXFileReference; fileEncoding = 4; lastKnownFileType = sourcecode.c.h; path = DemoListViewModel.h; sourceTree = "<group>"; };
		C2F95C431C6ED81B00936BA9 /* DemoListViewModel.m */ = {isa = PBXFileReference; fileEncoding = 4; lastKnownFileType = sourcecode.c.objc; path = DemoListViewModel.m; sourceTree = "<group>"; };
		C2F95C451C6EDAAF00936BA9 /* SimpleCell.h */ = {isa = PBXFileReference; fileEncoding = 4; lastKnownFileType = sourcecode.c.h; path = SimpleCell.h; sourceTree = "<group>"; };
		C2F95C461C6EDAAF00936BA9 /* SimpleCell.m */ = {isa = PBXFileReference; fileEncoding = 4; lastKnownFileType = sourcecode.c.objc; path = SimpleCell.m; sourceTree = "<group>"; };
		EC64D32863E90DBFE4AD4139 /* libPods-HMRefresh.a */ = {isa = PBXFileReference; explicitFileType = archive.ar; includeInIndex = 0; path = "libPods-HMRefresh.a"; sourceTree = BUILT_PRODUCTS_DIR; };
/* End PBXFileReference section */

/* Begin PBXFrameworksBuildPhase section */
		C2456DBB1C50CF0900A793A4 /* Frameworks */ = {
			isa = PBXFrameworksBuildPhase;
			buildActionMask = 2147483647;
			files = (
				ADF7A617E738CF4396E357E5 /* libPods-HMRefresh.a in Frameworks */,
			);
			runOnlyForDeploymentPostprocessing = 0;
		};
/* End PBXFrameworksBuildPhase section */

/* Begin PBXGroup section */
		25A9138F986BE0D0A5215597 /* Pods */ = {
			isa = PBXGroup;
			children = (
				6660D922B4A84511A96BE30D /* Pods-HMRefresh.debug.xcconfig */,
				41FA0DE688F20AC1D8421238 /* Pods-HMRefresh.release.xcconfig */,
			);
			name = Pods;
			sourceTree = "<group>";
		};
		7DB10505651DAA125EBA1805 /* Frameworks */ = {
			isa = PBXGroup;
			children = (
				EC64D32863E90DBFE4AD4139 /* libPods-HMRefresh.a */,
			);
			name = Frameworks;
			sourceTree = "<group>";
		};
		C22ECCB31C520F0400435F16 /* 简单表格 */ = {
			isa = PBXGroup;
			children = (
				C2456DE11C50DA1C00A793A4 /* SimpleTableViewController.h */,
				C2456DE21C50DA1C00A793A4 /* SimpleTableViewController.m */,
			);
			name = "简单表格";
			sourceTree = "<group>";
		};
		C22ECCB41C520F1000435F16 /* 自定义刷新视图 */ = {
			isa = PBXGroup;
			children = (
				C25056181C520A0E00EC7C67 /* CustomTableViewController.h */,
				C25056191C520A0E00EC7C67 /* CustomTableViewController.m */,
				C2EB65481C520B480040A4B4 /* DemoRefreshView.h */,
				C2EB65491C520B480040A4B4 /* DemoRefreshView.m */,
				C2EB654B1C520B680040A4B4 /* DemoRefreshView.xib */,
			);
			name = "自定义刷新视图";
			sourceTree = "<group>";
		};
		C22ECCB51C520F1A00435F16 /* 简单CollectionView */ = {
			isa = PBXGroup;
			children = (
				C25056121C51EF8700EC7C67 /* SimpleCollectionViewController.h */,
				C25056131C51EF8700EC7C67 /* SimpleCollectionViewController.m */,
				C25056151C51F91300EC7C67 /* DemoCollectionViewCell.h */,
				C25056161C51F91300EC7C67 /* DemoCollectionViewCell.m */,
			);
			name = "简单CollectionView";
			sourceTree = "<group>";
		};
		C2456DB51C50CF0900A793A4 = {
			isa = PBXGroup;
			children = (
				C2456DC01C50CF0900A793A4 /* HMRefresh */,
				C2456DBF1C50CF0900A793A4 /* Products */,
				25A9138F986BE0D0A5215597 /* Pods */,
				7DB10505651DAA125EBA1805 /* Frameworks */,
			);
			sourceTree = "<group>";
		};
		C2456DBF1C50CF0900A793A4 /* Products */ = {
			isa = PBXGroup;
			children = (
				C2456DBE1C50CF0900A793A4 /* HMRefresh.app */,
			);
			name = Products;
			sourceTree = "<group>";
		};
		C2456DC01C50CF0900A793A4 /* HMRefresh */ = {
			isa = PBXGroup;
			children = (
				C2E2EE751CE5D46C00C93E33 /* Examples */,
				C2456DD81C50D8BA00A793A4 /* HMRefresh */,
				C2456DE01C50D9FA00A793A4 /* Demo */,
				C2456DD91C50D8E000A793A4 /* DataModel */,
				C2456DC41C50CF0900A793A4 /* AppDelegate.h */,
				C2456DC51C50CF0900A793A4 /* AppDelegate.m */,
				C2456DDD1C50D94E00A793A4 /* MainTableViewController.h */,
				C2456DDE1C50D94E00A793A4 /* MainTableViewController.m */,
				C2456DCD1C50CF0900A793A4 /* Assets.xcassets */,
				C2456DD21C50CF0900A793A4 /* Info.plist */,
				C2456DC11C50CF0900A793A4 /* Supporting Files */,
			);
			path = HMRefresh;
			sourceTree = "<group>";
		};
		C2456DC11C50CF0900A793A4 /* Supporting Files */ = {
			isa = PBXGroup;
			children = (
				C2456DC21C50CF0900A793A4 /* main.m */,
				C2E2EE7B1CE5D82200C93E33 /* Launch Screen.storyboard */,
			);
			name = "Supporting Files";
			sourceTree = "<group>";
		};
		C2456DD81C50D8BA00A793A4 /* HMRefresh */ = {
			isa = PBXGroup;
			children = (
				C2456DED1C51B8A000A793A4 /* HMRefresh.bundle */,
				C2456DF21C51BC8500A793A4 /* HMRefreshControl.h */,
				C2456DF31C51BC8500A793A4 /* HMRefreshControl.m */,
				C2456DEE1C51B8A000A793A4 /* HMRefreshView.h */,
				C2456DEF1C51B8A000A793A4 /* HMRefreshView.m */,
			);
			path = HMRefresh;
			sourceTree = "<group>";
		};
		C2456DD91C50D8E000A793A4 /* DataModel */ = {
			isa = PBXGroup;
			children = (
				C2456DDA1C50D8E000A793A4 /* DataModel.h */,
				C2456DDB1C50D8E000A793A4 /* DataModel.m */,
				C2F95C421C6ED81B00936BA9 /* DemoListViewModel.h */,
				C2F95C431C6ED81B00936BA9 /* DemoListViewModel.m */,
				C2F95C3F1C6ED4CA00936BA9 /* DemoModel.h */,
				C2F95C401C6ED4CA00936BA9 /* DemoModel.m */,
			);
			path = DataModel;
			sourceTree = "<group>";
		};
		C2456DE01C50D9FA00A793A4 /* Demo */ = {
			isa = PBXGroup;
			children = (
				C2456DE41C50DA4000A793A4 /* DemoControllers.h */,
				C2F95C451C6EDAAF00936BA9 /* SimpleCell.h */,
				C2F95C461C6EDAAF00936BA9 /* SimpleCell.m */,
				C22ECCB31C520F0400435F16 /* 简单表格 */,
				C28476741C5D5C3100905F02 /* UIViewController+TableView */,
				C22ECCB41C520F1000435F16 /* 自定义刷新视图 */,
				C2B8DB051C557018006AD0A1 /* 仿百度外卖 */,
				C22ECCB51C520F1A00435F16 /* 简单CollectionView */,
			);
			path = Demo;
			sourceTree = "<group>";
		};
		C28476741C5D5C3100905F02 /* UIViewController+TableView */ = {
			isa = PBXGroup;
			children = (
				C267B13C1C5CC83600CBF3A9 /* SimpleViewController.h */,
				C267B13D1C5CC83600CBF3A9 /* SimpleViewController.m */,
			);
			name = "UIViewController+TableView";
			sourceTree = "<group>";
		};
		C2B8DB051C557018006AD0A1 /* 仿百度外卖 */ = {
			isa = PBXGroup;
			children = (
				C2B8DB021C557012006AD0A1 /* BaiduWMTableViewController.h */,
				C2B8DB031C557012006AD0A1 /* BaiduWMTableViewController.m */,
				C2B8DB061C557136006AD0A1 /* BaiduWMRefreshView.h */,
				C2B8DB071C557136006AD0A1 /* BaiduWMRefreshView.m */,
				C2B8DB091C557283006AD0A1 /* BaiduWMRefreshView.xib */,
			);
			name = "仿百度外卖";
			sourceTree = "<group>";
		};
		C2E2EE751CE5D46C00C93E33 /* Examples */ = {
			isa = PBXGroup;
			children = (
				C2E2EE771CE5D4B800C93E33 /* TableViews */,
				C2E2EE761CE5D4B800C93E33 /* CollectionViews */,
			);
			path = Examples;
			sourceTree = "<group>";
		};
		C2E2EE761CE5D4B800C93E33 /* CollectionViews */ = {
			isa = PBXGroup;
			children = (
			);
			path = CollectionViews;
			sourceTree = "<group>";
		};
		C2E2EE771CE5D4B800C93E33 /* TableViews */ = {
			isa = PBXGroup;
			children = (
				C2E2EE781CE5D4FF00C93E33 /* HMView+TableViewController.h */,
				C2E2EE791CE5D4FF00C93E33 /* HMView+TableViewController.m */,
			);
			path = TableViews;
			sourceTree = "<group>";
		};
/* End PBXGroup section */

/* Begin PBXNativeTarget section */
		C2456DBD1C50CF0900A793A4 /* HMRefresh */ = {
			isa = PBXNativeTarget;
			buildConfigurationList = C2456DD51C50CF0900A793A4 /* Build configuration list for PBXNativeTarget "HMRefresh" */;
			buildPhases = (
				4043AFF08E14D9C907000797 /* Check Pods Manifest.lock */,
				C2456DBA1C50CF0900A793A4 /* Sources */,
				C2456DBB1C50CF0900A793A4 /* Frameworks */,
				C2456DBC1C50CF0900A793A4 /* Resources */,
				41F4DDC57F9E59B61B6E4786 /* Embed Pods Frameworks */,
				09B93B0456CF055F9D071DD8 /* Copy Pods Resources */,
			);
			buildRules = (
			);
			dependencies = (
			);
			name = HMRefresh;
			productName = HMRefresh;
			productReference = C2456DBE1C50CF0900A793A4 /* HMRefresh.app */;
			productType = "com.apple.product-type.application";
		};
/* End PBXNativeTarget section */

/* Begin PBXProject section */
		C2456DB61C50CF0900A793A4 /* Project object */ = {
			isa = PBXProject;
			attributes = {
				LastUpgradeCheck = 0730;
				ORGANIZATIONNAME = itheima;
				TargetAttributes = {
					C2456DBD1C50CF0900A793A4 = {
						CreatedOnToolsVersion = 7.3;
					};
				};
			};
			buildConfigurationList = C2456DB91C50CF0900A793A4 /* Build configuration list for PBXProject "HMRefresh" */;
			compatibilityVersion = "Xcode 3.2";
			developmentRegion = English;
			hasScannedForEncodings = 0;
			knownRegions = (
				en,
				Base,
			);
			mainGroup = C2456DB51C50CF0900A793A4;
			productRefGroup = C2456DBF1C50CF0900A793A4 /* Products */;
			projectDirPath = "";
			projectRoot = "";
			targets = (
				C2456DBD1C50CF0900A793A4 /* HMRefresh */,
			);
		};
/* End PBXProject section */

/* Begin PBXResourcesBuildPhase section */
		C2456DBC1C50CF0900A793A4 /* Resources */ = {
			isa = PBXResourcesBuildPhase;
			buildActionMask = 2147483647;
			files = (
				C2456DF01C51B8A000A793A4 /* HMRefresh.bundle in Resources */,
				C2456DCE1C50CF0900A793A4 /* Assets.xcassets in Resources */,
				C2EB654C1C520B680040A4B4 /* DemoRefreshView.xib in Resources */,
				C2E2EE7C1CE5D82200C93E33 /* Launch Screen.storyboard in Resources */,
				C2B8DB0A1C557283006AD0A1 /* BaiduWMRefreshView.xib in Resources */,
			);
			runOnlyForDeploymentPostprocessing = 0;
		};
/* End PBXResourcesBuildPhase section */

/* Begin PBXShellScriptBuildPhase section */
		09B93B0456CF055F9D071DD8 /* Copy Pods Resources */ = {
			isa = PBXShellScriptBuildPhase;
			buildActionMask = 2147483647;
			files = (
			);
			inputPaths = (
			);
			name = "Copy Pods Resources";
			outputPaths = (
			);
			runOnlyForDeploymentPostprocessing = 0;
			shellPath = /bin/sh;
			shellScript = "\"${SRCROOT}/Pods/Target Support Files/Pods-HMRefresh/Pods-HMRefresh-resources.sh\"\n";
			showEnvVarsInLog = 0;
		};
		4043AFF08E14D9C907000797 /* Check Pods Manifest.lock */ = {
			isa = PBXShellScriptBuildPhase;
			buildActionMask = 2147483647;
			files = (
			);
			inputPaths = (
			);
			name = "Check Pods Manifest.lock";
			outputPaths = (
			);
			runOnlyForDeploymentPostprocessing = 0;
			shellPath = /bin/sh;
			shellScript = "diff \"${PODS_ROOT}/../Podfile.lock\" \"${PODS_ROOT}/Manifest.lock\" > /dev/null\nif [[ $? != 0 ]] ; then\n    cat << EOM\nerror: The sandbox is not in sync with the Podfile.lock. Run 'pod install' or update your CocoaPods installation.\nEOM\n    exit 1\nfi\n";
			showEnvVarsInLog = 0;
		};
		41F4DDC57F9E59B61B6E4786 /* Embed Pods Frameworks */ = {
			isa = PBXShellScriptBuildPhase;
			buildActionMask = 2147483647;
			files = (
			);
			inputPaths = (
			);
			name = "Embed Pods Frameworks";
			outputPaths = (
			);
			runOnlyForDeploymentPostprocessing = 0;
			shellPath = /bin/sh;
			shellScript = "\"${SRCROOT}/Pods/Target Support Files/Pods-HMRefresh/Pods-HMRefresh-frameworks.sh\"\n";
			showEnvVarsInLog = 0;
		};
/* End PBXShellScriptBuildPhase section */

/* Begin PBXSourcesBuildPhase section */
		C2456DBA1C50CF0900A793A4 /* Sources */ = {
			isa = PBXSourcesBuildPhase;
			buildActionMask = 2147483647;
			files = (
				C25056141C51EF8700EC7C67 /* SimpleCollectionViewController.m in Sources */,
				C2B8DB081C557136006AD0A1 /* BaiduWMRefreshView.m in Sources */,
				C2456DDF1C50D94E00A793A4 /* MainTableViewController.m in Sources */,
				C2456DF11C51B8A000A793A4 /* HMRefreshView.m in Sources */,
				C267B13E1C5CC83600CBF3A9 /* SimpleViewController.m in Sources */,
				C2F95C441C6ED81B00936BA9 /* DemoListViewModel.m in Sources */,
				C2B8DB041C557012006AD0A1 /* BaiduWMTableViewController.m in Sources */,
				C2456DF41C51BC8500A793A4 /* HMRefreshControl.m in Sources */,
				C2456DDC1C50D8E000A793A4 /* DataModel.m in Sources */,
				C2456DE31C50DA1C00A793A4 /* SimpleTableViewController.m in Sources */,
				C2EB654A1C520B480040A4B4 /* DemoRefreshView.m in Sources */,
				C2E2EE7A1CE5D4FF00C93E33 /* HMView+TableViewController.m in Sources */,
				C250561A1C520A0E00EC7C67 /* CustomTableViewController.m in Sources */,
				C2F95C471C6EDAAF00936BA9 /* SimpleCell.m in Sources */,
				C2F95C411C6ED4CA00936BA9 /* DemoModel.m in Sources */,
				C25056171C51F91300EC7C67 /* DemoCollectionViewCell.m in Sources */,
				C2456DC61C50CF0900A793A4 /* AppDelegate.m in Sources */,
				C2456DC31C50CF0900A793A4 /* main.m in Sources */,
			);
			runOnlyForDeploymentPostprocessing = 0;
		};
/* End PBXSourcesBuildPhase section */

/* Begin XCBuildConfiguration section */
		C2456DD31C50CF0900A793A4 /* Debug */ = {
			isa = XCBuildConfiguration;
			buildSettings = {
				ALWAYS_SEARCH_USER_PATHS = NO;
				CLANG_CXX_LANGUAGE_STANDARD = "gnu++0x";
				CLANG_CXX_LIBRARY = "libc++";
				CLANG_ENABLE_MODULES = YES;
				CLANG_ENABLE_OBJC_ARC = YES;
				CLANG_WARN_BOOL_CONVERSION = YES;
				CLANG_WARN_CONSTANT_CONVERSION = YES;
				CLANG_WARN_DIRECT_OBJC_ISA_USAGE = YES_ERROR;
				CLANG_WARN_EMPTY_BODY = YES;
				CLANG_WARN_ENUM_CONVERSION = YES;
				CLANG_WARN_INT_CONVERSION = YES;
				CLANG_WARN_OBJC_ROOT_CLASS = YES_ERROR;
				CLANG_WARN_UNREACHABLE_CODE = YES;
				CLANG_WARN__DUPLICATE_METHOD_MATCH = YES;
				"CODE_SIGN_IDENTITY[sdk=iphoneos*]" = "iPhone Developer";
				COPY_PHASE_STRIP = NO;
				DEBUG_INFORMATION_FORMAT = dwarf;
				ENABLE_STRICT_OBJC_MSGSEND = YES;
				ENABLE_TESTABILITY = YES;
				GCC_C_LANGUAGE_STANDARD = gnu99;
				GCC_DYNAMIC_NO_PIC = NO;
				GCC_NO_COMMON_BLOCKS = YES;
				GCC_OPTIMIZATION_LEVEL = 0;
				GCC_PREPROCESSOR_DEFINITIONS = (
					"DEBUG=1",
					"$(inherited)",
				);
				GCC_WARN_64_TO_32_BIT_CONVERSION = YES;
				GCC_WARN_ABOUT_RETURN_TYPE = YES_ERROR;
				GCC_WARN_UNDECLARED_SELECTOR = YES;
				GCC_WARN_UNINITIALIZED_AUTOS = YES_AGGRESSIVE;
				GCC_WARN_UNUSED_FUNCTION = YES;
				GCC_WARN_UNUSED_VARIABLE = YES;
				IPHONEOS_DEPLOYMENT_TARGET = 9.3;
				MTL_ENABLE_DEBUG_INFO = YES;
				ONLY_ACTIVE_ARCH = YES;
				SDKROOT = iphoneos;
				TARGETED_DEVICE_FAMILY = "1,2";
			};
			name = Debug;
		};
		C2456DD41C50CF0900A793A4 /* Release */ = {
			isa = XCBuildConfiguration;
			buildSettings = {
				ALWAYS_SEARCH_USER_PATHS = NO;
				CLANG_CXX_LANGUAGE_STANDARD = "gnu++0x";
				CLANG_CXX_LIBRARY = "libc++";
				CLANG_ENABLE_MODULES = YES;
				CLANG_ENABLE_OBJC_ARC = YES;
				CLANG_WARN_BOOL_CONVERSION = YES;
				CLANG_WARN_CONSTANT_CONVERSION = YES;
				CLANG_WARN_DIRECT_OBJC_ISA_USAGE = YES_ERROR;
				CLANG_WARN_EMPTY_BODY = YES;
				CLANG_WARN_ENUM_CONVERSION = YES;
				CLANG_WARN_INT_CONVERSION = YES;
				CLANG_WARN_OBJC_ROOT_CLASS = YES_ERROR;
				CLANG_WARN_UNREACHABLE_CODE = YES;
				CLANG_WARN__DUPLICATE_METHOD_MATCH = YES;
				"CODE_SIGN_IDENTITY[sdk=iphoneos*]" = "iPhone Developer";
				COPY_PHASE_STRIP = NO;
				DEBUG_INFORMATION_FORMAT = "dwarf-with-dsym";
				ENABLE_NS_ASSERTIONS = NO;
				ENABLE_STRICT_OBJC_MSGSEND = YES;
				GCC_C_LANGUAGE_STANDARD = gnu99;
				GCC_NO_COMMON_BLOCKS = YES;
				GCC_WARN_64_TO_32_BIT_CONVERSION = YES;
				GCC_WARN_ABOUT_RETURN_TYPE = YES_ERROR;
				GCC_WARN_UNDECLARED_SELECTOR = YES;
				GCC_WARN_UNINITIALIZED_AUTOS = YES_AGGRESSIVE;
				GCC_WARN_UNUSED_FUNCTION = YES;
				GCC_WARN_UNUSED_VARIABLE = YES;
				IPHONEOS_DEPLOYMENT_TARGET = 9.3;
				MTL_ENABLE_DEBUG_INFO = NO;
				SDKROOT = iphoneos;
				TARGETED_DEVICE_FAMILY = "1,2";
				VALIDATE_PRODUCT = YES;
			};
			name = Release;
		};
		C2456DD61C50CF0900A793A4 /* Debug */ = {
			isa = XCBuildConfiguration;
			baseConfigurationReference = 6660D922B4A84511A96BE30D /* Pods-HMRefresh.debug.xcconfig */;
			buildSettings = {
				ASSETCATALOG_COMPILER_APPICON_NAME = AppIcon;
				INFOPLIST_FILE = HMRefresh/Info.plist;
				IPHONEOS_DEPLOYMENT_TARGET = 8.0;
				LD_RUNPATH_SEARCH_PATHS = "$(inherited) @executable_path/Frameworks";
				PRODUCT_BUNDLE_IDENTIFIER = com.itheima.HMRefresh;
				PRODUCT_NAME = "$(TARGET_NAME)";
				TARGETED_DEVICE_FAMILY = 1;
			};
			name = Debug;
		};
		C2456DD71C50CF0900A793A4 /* Release */ = {
			isa = XCBuildConfiguration;
			baseConfigurationReference = 41FA0DE688F20AC1D8421238 /* Pods-HMRefresh.release.xcconfig */;
			buildSettings = {
				ASSETCATALOG_COMPILER_APPICON_NAME = AppIcon;
				INFOPLIST_FILE = HMRefresh/Info.plist;
				IPHONEOS_DEPLOYMENT_TARGET = 8.0;
				LD_RUNPATH_SEARCH_PATHS = "$(inherited) @executable_path/Frameworks";
				PRODUCT_BUNDLE_IDENTIFIER = com.itheima.HMRefresh;
				PRODUCT_NAME = "$(TARGET_NAME)";
				TARGETED_DEVICE_FAMILY = 1;
			};
			name = Release;
		};
/* End XCBuildConfiguration section */

/* Begin XCConfigurationList section */
		C2456DB91C50CF0900A793A4 /* Build configuration list for PBXProject "HMRefresh" */ = {
			isa = XCConfigurationList;
			buildConfigurations = (
				C2456DD31C50CF0900A793A4 /* Debug */,
				C2456DD41C50CF0900A793A4 /* Release */,
			);
			defaultConfigurationIsVisible = 0;
			defaultConfigurationName = Release;
		};
		C2456DD51C50CF0900A793A4 /* Build configuration list for PBXNativeTarget "HMRefresh" */ = {
			isa = XCConfigurationList;
			buildConfigurations = (
				C2456DD61C50CF0900A793A4 /* Debug */,
				C2456DD71C50CF0900A793A4 /* Release */,
			);
			defaultConfigurationIsVisible = 0;
			defaultConfigurationName = Release;
		};
/* End XCConfigurationList section */
	};
	rootObject = C2456DB61C50CF0900A793A4 /* Project object */;
}
