<?xml version="1.0" encoding="UTF-8"?>
<!DOCTYPE plist PUBLIC "-//Apple//DTD PLIST 1.0//EN" "http://www.apple.com/DTDs/PropertyList-1.0.dtd">
<plist version="1.0">
<dict>
	<key>archiveVersion</key>
	<string>1</string>
	<key>classes</key>
	<dict/>
	<key>objectVersion</key>
	<string>46</string>
	<key>objects</key>
	<dict>
		<key>09B93B0456CF055F9D071DD8</key>
		<dict>
			<key>buildActionMask</key>
			<string>2147483647</string>
			<key>files</key>
			<array/>
			<key>inputPaths</key>
			<array/>
			<key>isa</key>
			<string>PBXShellScriptBuildPhase</string>
			<key>name</key>
			<string>Copy Pods Resources</string>
			<key>outputPaths</key>
			<array/>
			<key>runOnlyForDeploymentPostprocessing</key>
			<string>0</string>
			<key>shellPath</key>
			<string>/bin/sh</string>
			<key>shellScript</key>
			<string>"${SRCROOT}/Pods/Target Support Files/Pods-HMRefresh/Pods-HMRefresh-resources.sh"
</string>
			<key>showEnvVarsInLog</key>
			<string>0</string>
		</dict>
		<key>25A9138F986BE0D0A5215597</key>
		<dict>
			<key>children</key>
			<array>
				<string>6660D922B4A84511A96BE30D</string>
				<string>41FA0DE688F20AC1D8421238</string>
			</array>
			<key>isa</key>
			<string>PBXGroup</string>
			<key>name</key>
			<string>Pods</string>
			<key>sourceTree</key>
			<string>&lt;group&gt;</string>
		</dict>
		<key>4043AFF08E14D9C907000797</key>
		<dict>
			<key>buildActionMask</key>
			<string>2147483647</string>
			<key>files</key>
			<array/>
			<key>inputPaths</key>
			<array/>
			<key>isa</key>
			<string>PBXShellScriptBuildPhase</string>
			<key>name</key>
			<string>Check Pods Manifest.lock</string>
			<key>outputPaths</key>
			<array/>
			<key>runOnlyForDeploymentPostprocessing</key>
			<string>0</string>
			<key>shellPath</key>
			<string>/bin/sh</string>
			<key>shellScript</key>
			<string>diff "${PODS_ROOT}/../Podfile.lock" "${PODS_ROOT}/Manifest.lock" &gt; /dev/null
if [[ $? != 0 ]] ; then
    cat &lt;&lt; EOM
error: The sandbox is not in sync with the Podfile.lock. Run 'pod install' or update your CocoaPods installation.
EOM
    exit 1
fi
</string>
			<key>showEnvVarsInLog</key>
			<string>0</string>
		</dict>
		<key>41F4DDC57F9E59B61B6E4786</key>
		<dict>
			<key>buildActionMask</key>
			<string>2147483647</string>
			<key>files</key>
			<array/>
			<key>inputPaths</key>
			<array/>
			<key>isa</key>
			<string>PBXShellScriptBuildPhase</string>
			<key>name</key>
			<string>Embed Pods Frameworks</string>
			<key>outputPaths</key>
			<array/>
			<key>runOnlyForDeploymentPostprocessing</key>
			<string>0</string>
			<key>shellPath</key>
			<string>/bin/sh</string>
			<key>shellScript</key>
			<string>"${SRCROOT}/Pods/Target Support Files/Pods-HMRefresh/Pods-HMRefresh-frameworks.sh"
</string>
			<key>showEnvVarsInLog</key>
			<string>0</string>
		</dict>
		<key>41FA0DE688F20AC1D8421238</key>
		<dict>
			<key>includeInIndex</key>
			<string>1</string>
			<key>isa</key>
			<string>PBXFileReference</string>
			<key>lastKnownFileType</key>
			<string>text.xcconfig</string>
			<key>name</key>
			<string>Pods-HMRefresh.release.xcconfig</string>
			<key>path</key>
			<string>Pods/Target Support Files/Pods-HMRefresh/Pods-HMRefresh.release.xcconfig</string>
			<key>sourceTree</key>
			<string>&lt;group&gt;</string>
		</dict>
		<key>6660D922B4A84511A96BE30D</key>
		<dict>
			<key>includeInIndex</key>
			<string>1</string>
			<key>isa</key>
			<string>PBXFileReference</string>
			<key>lastKnownFileType</key>
			<string>text.xcconfig</string>
			<key>name</key>
			<string>Pods-HMRefresh.debug.xcconfig</string>
			<key>path</key>
			<string>Pods/Target Support Files/Pods-HMRefresh/Pods-HMRefresh.debug.xcconfig</string>
			<key>sourceTree</key>
			<string>&lt;group&gt;</string>
		</dict>
		<key>7DB10505651DAA125EBA1805</key>
		<dict>
			<key>children</key>
			<array>
				<string>EC64D32863E90DBFE4AD4139</string>
			</array>
			<key>isa</key>
			<string>PBXGroup</string>
			<key>name</key>
			<string>Frameworks</string>
			<key>sourceTree</key>
			<string>&lt;group&gt;</string>
		</dict>
		<key>ADF7A617E738CF4396E357E5</key>
		<dict>
			<key>fileRef</key>
			<string>EC64D32863E90DBFE4AD4139</string>
			<key>isa</key>
			<string>PBXBuildFile</string>
		</dict>
		<key>C22ECCB31C520F0400435F16</key>
		<dict>
			<key>children</key>
			<array>
				<string>C2456DE11C50DA1C00A793A4</string>
				<string>C2456DE21C50DA1C00A793A4</string>
			</array>
			<key>isa</key>
			<string>PBXGroup</string>
			<key>name</key>
			<string>&#31616;&#21333;&#34920;&#26684;</string>
			<key>sourceTree</key>
			<string>&lt;group&gt;</string>
		</dict>
		<key>C22ECCB41C520F1000435F16</key>
		<dict>
			<key>children</key>
			<array>
				<string>C25056181C520A0E00EC7C67</string>
				<string>C25056191C520A0E00EC7C67</string>
				<string>C2EB65481C520B480040A4B4</string>
				<string>C2EB65491C520B480040A4B4</string>
				<string>C2EB654B1C520B680040A4B4</string>
			</array>
			<key>isa</key>
			<string>PBXGroup</string>
			<key>name</key>
			<string>&#33258;&#23450;&#20041;&#21047;&#26032;&#35270;&#22270;</string>
			<key>sourceTree</key>
			<string>&lt;group&gt;</string>
		</dict>
		<key>C22ECCB51C520F1A00435F16</key>
		<dict>
			<key>children</key>
			<array>
				<string>C25056121C51EF8700EC7C67</string>
				<string>C25056131C51EF8700EC7C67</string>
				<string>C25056151C51F91300EC7C67</string>
				<string>C25056161C51F91300EC7C67</string>
			</array>
			<key>isa</key>
			<string>PBXGroup</string>
			<key>name</key>
			<string>&#31616;&#21333;CollectionView</string>
			<key>sourceTree</key>
			<string>&lt;group&gt;</string>
		</dict>
		<key>C2456DB51C50CF0900A793A4</key>
		<dict>
			<key>children</key>
			<array>
				<string>C2456DC01C50CF0900A793A4</string>
				<string>C2456DBF1C50CF0900A793A4</string>
				<string>25A9138F986BE0D0A5215597</string>
				<string>7DB10505651DAA125EBA1805</string>
			</array>
			<key>isa</key>
			<string>PBXGroup</string>
			<key>sourceTree</key>
			<string>&lt;group&gt;</string>
		</dict>
		<key>C2456DB61C50CF0900A793A4</key>
		<dict>
			<key>attributes</key>
			<dict>
				<key>LastUpgradeCheck</key>
				<string>0730</string>
				<key>ORGANIZATIONNAME</key>
				<string>itheima</string>
				<key>TargetAttributes</key>
				<dict>
					<key>C2456DBD1C50CF0900A793A4</key>
					<dict>
						<key>CreatedOnToolsVersion</key>
						<string>7.3</string>
					</dict>
				</dict>
			</dict>
			<key>buildConfigurationList</key>
			<string>C2456DB91C50CF0900A793A4</string>
			<key>compatibilityVersion</key>
			<string>Xcode 3.2</string>
			<key>developmentRegion</key>
			<string>English</string>
			<key>hasScannedForEncodings</key>
			<string>0</string>
			<key>isa</key>
			<string>PBXProject</string>
			<key>knownRegions</key>
			<array>
				<string>en</string>
				<string>Base</string>
			</array>
			<key>mainGroup</key>
			<string>C2456DB51C50CF0900A793A4</string>
			<key>productRefGroup</key>
			<string>C2456DBF1C50CF0900A793A4</string>
			<key>projectDirPath</key>
			<string></string>
			<key>projectReferences</key>
			<array/>
			<key>projectRoot</key>
			<string></string>
			<key>targets</key>
			<array>
				<string>C2456DBD1C50CF0900A793A4</string>
			</array>
		</dict>
		<key>C2456DB91C50CF0900A793A4</key>
		<dict>
			<key>buildConfigurations</key>
			<array>
				<string>C2456DD31C50CF0900A793A4</string>
				<string>C2456DD41C50CF0900A793A4</string>
			</array>
			<key>defaultConfigurationIsVisible</key>
			<string>0</string>
			<key>defaultConfigurationName</key>
			<string>Release</string>
			<key>isa</key>
			<string>XCConfigurationList</string>
		</dict>
		<key>C2456DBA1C50CF0900A793A4</key>
		<dict>
			<key>buildActionMask</key>
			<string>2147483647</string>
			<key>files</key>
			<array>
				<string>C25056141C51EF8700EC7C67</string>
				<string>C2B8DB081C557136006AD0A1</string>
				<string>C2456DDF1C50D94E00A793A4</string>
				<string>C2456DF11C51B8A000A793A4</string>
				<string>C267B13E1C5CC83600CBF3A9</string>
				<string>C2F95C441C6ED81B00936BA9</string>
				<string>C2B8DB041C557012006AD0A1</string>
				<string>C2456DF41C51BC8500A793A4</string>
				<string>C2456DDC1C50D8E000A793A4</string>
				<string>C2456DE31C50DA1C00A793A4</string>
				<string>C2EB654A1C520B480040A4B4</string>
				<string>C250561A1C520A0E00EC7C67</string>
				<string>C2F95C471C6EDAAF00936BA9</string>
				<string>C2F95C411C6ED4CA00936BA9</string>
				<string>C25056171C51F91300EC7C67</string>
				<string>C2456DC61C50CF0900A793A4</string>
				<string>C2456DC31C50CF0900A793A4</string>
			</array>
			<key>isa</key>
			<string>PBXSourcesBuildPhase</string>
			<key>runOnlyForDeploymentPostprocessing</key>
			<string>0</string>
		</dict>
		<key>C2456DBB1C50CF0900A793A4</key>
		<dict>
			<key>buildActionMask</key>
			<string>2147483647</string>
			<key>files</key>
			<array>
				<string>ADF7A617E738CF4396E357E5</string>
			</array>
			<key>isa</key>
			<string>PBXFrameworksBuildPhase</string>
			<key>runOnlyForDeploymentPostprocessing</key>
			<string>0</string>
		</dict>
		<key>C2456DBC1C50CF0900A793A4</key>
		<dict>
			<key>buildActionMask</key>
			<string>2147483647</string>
			<key>files</key>
			<array>
				<string>C2456DF01C51B8A000A793A4</string>
				<string>C2456DCE1C50CF0900A793A4</string>
				<string>C2EB654C1C520B680040A4B4</string>
				<string>C2B8DB0A1C557283006AD0A1</string>
				<string>C2456DCC1C50CF0900A793A4</string>
			</array>
			<key>isa</key>
			<string>PBXResourcesBuildPhase</string>
			<key>runOnlyForDeploymentPostprocessing</key>
			<string>0</string>
		</dict>
		<key>C2456DBD1C50CF0900A793A4</key>
		<dict>
			<key>buildConfigurationList</key>
			<string>C2456DD51C50CF0900A793A4</string>
			<key>buildPhases</key>
			<array>
				<string>4043AFF08E14D9C907000797</string>
				<string>C2456DBA1C50CF0900A793A4</string>
				<string>C2456DBB1C50CF0900A793A4</string>
				<string>C2456DBC1C50CF0900A793A4</string>
				<string>41F4DDC57F9E59B61B6E4786</string>
				<string>09B93B0456CF055F9D071DD8</string>
			</array>
			<key>buildRules</key>
			<array/>
			<key>dependencies</key>
			<array/>
			<key>isa</key>
			<string>PBXNativeTarget</string>
			<key>name</key>
			<string>HMRefresh</string>
			<key>productName</key>
			<string>HMRefresh</string>
			<key>productReference</key>
			<string>C2456DBE1C50CF0900A793A4</string>
			<key>productType</key>
			<string>com.apple.product-type.application</string>
		</dict>
		<key>C2456DBE1C50CF0900A793A4</key>
		<dict>
			<key>explicitFileType</key>
			<string>wrapper.application</string>
			<key>includeInIndex</key>
			<string>0</string>
			<key>isa</key>
			<string>PBXFileReference</string>
			<key>path</key>
			<string>HMRefresh.app</string>
			<key>sourceTree</key>
			<string>BUILT_PRODUCTS_DIR</string>
		</dict>
		<key>C2456DBF1C50CF0900A793A4</key>
		<dict>
			<key>children</key>
			<array>
				<string>C2456DBE1C50CF0900A793A4</string>
			</array>
			<key>isa</key>
			<string>PBXGroup</string>
			<key>name</key>
			<string>Products</string>
			<key>sourceTree</key>
			<string>&lt;group&gt;</string>
		</dict>
		<key>C2456DC01C50CF0900A793A4</key>
		<dict>
			<key>children</key>
			<array>
				<string>C2456DD81C50D8BA00A793A4</string>
				<string>C2456DE01C50D9FA00A793A4</string>
				<string>C2456DD91C50D8E000A793A4</string>
				<string>C2456DC41C50CF0900A793A4</string>
				<string>C2456DC51C50CF0900A793A4</string>
				<string>C2456DDD1C50D94E00A793A4</string>
				<string>C2456DDE1C50D94E00A793A4</string>
				<string>C2456DCA1C50CF0900A793A4</string>
				<string>C2456DCD1C50CF0900A793A4</string>
				<string>C2456DD21C50CF0900A793A4</string>
				<string>C2456DC11C50CF0900A793A4</string>
			</array>
			<key>isa</key>
			<string>PBXGroup</string>
			<key>path</key>
			<string>HMRefresh</string>
			<key>sourceTree</key>
			<string>&lt;group&gt;</string>
		</dict>
		<key>C2456DC11C50CF0900A793A4</key>
		<dict>
			<key>children</key>
			<array>
				<string>C2456DC21C50CF0900A793A4</string>
			</array>
			<key>isa</key>
			<string>PBXGroup</string>
			<key>name</key>
			<string>Supporting Files</string>
			<key>sourceTree</key>
			<string>&lt;group&gt;</string>
		</dict>
		<key>C2456DC21C50CF0900A793A4</key>
		<dict>
			<key>isa</key>
			<string>PBXFileReference</string>
			<key>lastKnownFileType</key>
			<string>sourcecode.c.objc</string>
			<key>path</key>
			<string>main.m</string>
			<key>sourceTree</key>
			<string>&lt;group&gt;</string>
		</dict>
		<key>C2456DC31C50CF0900A793A4</key>
		<dict>
			<key>fileRef</key>
			<string>C2456DC21C50CF0900A793A4</string>
			<key>isa</key>
			<string>PBXBuildFile</string>
		</dict>
		<key>C2456DC41C50CF0900A793A4</key>
		<dict>
			<key>isa</key>
			<string>PBXFileReference</string>
			<key>lastKnownFileType</key>
			<string>sourcecode.c.h</string>
			<key>path</key>
			<string>AppDelegate.h</string>
			<key>sourceTree</key>
			<string>&lt;group&gt;</string>
		</dict>
		<key>C2456DC51C50CF0900A793A4</key>
		<dict>
			<key>isa</key>
			<string>PBXFileReference</string>
			<key>lastKnownFileType</key>
			<string>sourcecode.c.objc</string>
			<key>path</key>
			<string>AppDelegate.m</string>
			<key>sourceTree</key>
			<string>&lt;group&gt;</string>
		</dict>
		<key>C2456DC61C50CF0900A793A4</key>
		<dict>
			<key>fileRef</key>
			<string>C2456DC51C50CF0900A793A4</string>
			<key>isa</key>
			<string>PBXBuildFile</string>
		</dict>
		<key>C2456DCA1C50CF0900A793A4</key>
		<dict>
			<key>children</key>
			<array>
				<string>C2456DCB1C50CF0900A793A4</string>
			</array>
			<key>isa</key>
			<string>PBXVariantGroup</string>
			<key>name</key>
			<string>Main.storyboard</string>
			<key>sourceTree</key>
			<string>&lt;group&gt;</string>
		</dict>
		<key>C2456DCB1C50CF0900A793A4</key>
		<dict>
			<key>isa</key>
			<string>PBXFileReference</string>
			<key>lastKnownFileType</key>
			<string>file.storyboard</string>
			<key>name</key>
			<string>Base</string>
			<key>path</key>
			<string>Base.lproj/Main.storyboard</string>
			<key>sourceTree</key>
			<string>&lt;group&gt;</string>
		</dict>
		<key>C2456DCC1C50CF0900A793A4</key>
		<dict>
			<key>fileRef</key>
			<string>C2456DCA1C50CF0900A793A4</string>
			<key>isa</key>
			<string>PBXBuildFile</string>
		</dict>
		<key>C2456DCD1C50CF0900A793A4</key>
		<dict>
			<key>isa</key>
			<string>PBXFileReference</string>
			<key>lastKnownFileType</key>
			<string>folder.assetcatalog</string>
			<key>path</key>
			<string>Assets.xcassets</string>
			<key>sourceTree</key>
			<string>&lt;group&gt;</string>
		</dict>
		<key>C2456DCE1C50CF0900A793A4</key>
		<dict>
			<key>fileRef</key>
			<string>C2456DCD1C50CF0900A793A4</string>
			<key>isa</key>
			<string>PBXBuildFile</string>
		</dict>
		<key>C2456DD21C50CF0900A793A4</key>
		<dict>
			<key>isa</key>
			<string>PBXFileReference</string>
			<key>lastKnownFileType</key>
			<string>text.plist.xml</string>
			<key>path</key>
			<string>Info.plist</string>
			<key>sourceTree</key>
			<string>&lt;group&gt;</string>
		</dict>
		<key>C2456DD31C50CF0900A793A4</key>
		<dict>
			<key>buildSettings</key>
			<dict>
				<key>ALWAYS_SEARCH_USER_PATHS</key>
				<string>NO</string>
				<key>CLANG_CXX_LANGUAGE_STANDARD</key>
				<string>gnu++0x</string>
				<key>CLANG_CXX_LIBRARY</key>
				<string>libc++</string>
				<key>CLANG_ENABLE_MODULES</key>
				<string>YES</string>
				<key>CLANG_ENABLE_OBJC_ARC</key>
				<string>YES</string>
				<key>CLANG_WARN_BOOL_CONVERSION</key>
				<string>YES</string>
				<key>CLANG_WARN_CONSTANT_CONVERSION</key>
				<string>YES</string>
				<key>CLANG_WARN_DIRECT_OBJC_ISA_USAGE</key>
				<string>YES_ERROR</string>
				<key>CLANG_WARN_EMPTY_BODY</key>
				<string>YES</string>
				<key>CLANG_WARN_ENUM_CONVERSION</key>
				<string>YES</string>
				<key>CLANG_WARN_INT_CONVERSION</key>
				<string>YES</string>
				<key>CLANG_WARN_OBJC_ROOT_CLASS</key>
				<string>YES_ERROR</string>
				<key>CLANG_WARN_UNREACHABLE_CODE</key>
				<string>YES</string>
				<key>CLANG_WARN__DUPLICATE_METHOD_MATCH</key>
				<string>YES</string>
				<key>CODE_SIGN_IDENTITY[sdk=iphoneos*]</key>
				<string>iPhone Developer</string>
				<key>COPY_PHASE_STRIP</key>
				<string>NO</string>
				<key>DEBUG_INFORMATION_FORMAT</key>
				<string>dwarf</string>
				<key>ENABLE_STRICT_OBJC_MSGSEND</key>
				<string>YES</string>
				<key>ENABLE_TESTABILITY</key>
				<string>YES</string>
				<key>GCC_C_LANGUAGE_STANDARD</key>
				<string>gnu99</string>
				<key>GCC_DYNAMIC_NO_PIC</key>
				<string>NO</string>
				<key>GCC_NO_COMMON_BLOCKS</key>
				<string>YES</string>
				<key>GCC_OPTIMIZATION_LEVEL</key>
				<string>0</string>
				<key>GCC_PREPROCESSOR_DEFINITIONS</key>
				<array>
					<string>DEBUG=1</string>
					<string>$(inherited)</string>
				</array>
				<key>GCC_WARN_64_TO_32_BIT_CONVERSION</key>
				<string>YES</string>
				<key>GCC_WARN_ABOUT_RETURN_TYPE</key>
				<string>YES_ERROR</string>
				<key>GCC_WARN_UNDECLARED_SELECTOR</key>
				<string>YES</string>
				<key>GCC_WARN_UNINITIALIZED_AUTOS</key>
				<string>YES_AGGRESSIVE</string>
				<key>GCC_WARN_UNUSED_FUNCTION</key>
				<string>YES</string>
				<key>GCC_WARN_UNUSED_VARIABLE</key>
				<string>YES</string>
				<key>IPHONEOS_DEPLOYMENT_TARGET</key>
				<string>9.3</string>
				<key>MTL_ENABLE_DEBUG_INFO</key>
				<string>YES</string>
				<key>ONLY_ACTIVE_ARCH</key>
				<string>YES</string>
				<key>SDKROOT</key>
				<string>iphoneos</string>
				<key>TARGETED_DEVICE_FAMILY</key>
				<string>1,2</string>
			</dict>
			<key>isa</key>
			<string>XCBuildConfiguration</string>
			<key>name</key>
			<string>Debug</string>
		</dict>
		<key>C2456DD41C50CF0900A793A4</key>
		<dict>
			<key>buildSettings</key>
			<dict>
				<key>ALWAYS_SEARCH_USER_PATHS</key>
				<string>NO</string>
				<key>CLANG_CXX_LANGUAGE_STANDARD</key>
				<string>gnu++0x</string>
				<key>CLANG_CXX_LIBRARY</key>
				<string>libc++</string>
				<key>CLANG_ENABLE_MODULES</key>
				<string>YES</string>
				<key>CLANG_ENABLE_OBJC_ARC</key>
				<string>YES</string>
				<key>CLANG_WARN_BOOL_CONVERSION</key>
				<string>YES</string>
				<key>CLANG_WARN_CONSTANT_CONVERSION</key>
				<string>YES</string>
				<key>CLANG_WARN_DIRECT_OBJC_ISA_USAGE</key>
				<string>YES_ERROR</string>
				<key>CLANG_WARN_EMPTY_BODY</key>
				<string>YES</string>
				<key>CLANG_WARN_ENUM_CONVERSION</key>
				<string>YES</string>
				<key>CLANG_WARN_INT_CONVERSION</key>
				<string>YES</string>
				<key>CLANG_WARN_OBJC_ROOT_CLASS</key>
				<string>YES_ERROR</string>
				<key>CLANG_WARN_UNREACHABLE_CODE</key>
				<string>YES</string>
				<key>CLANG_WARN__DUPLICATE_METHOD_MATCH</key>
				<string>YES</string>
				<key>CODE_SIGN_IDENTITY[sdk=iphoneos*]</key>
				<string>iPhone Developer</string>
				<key>COPY_PHASE_STRIP</key>
				<string>NO</string>
				<key>DEBUG_INFORMATION_FORMAT</key>
				<string>dwarf-with-dsym</string>
				<key>ENABLE_NS_ASSERTIONS</key>
				<string>NO</string>
				<key>ENABLE_STRICT_OBJC_MSGSEND</key>
				<string>YES</string>
				<key>GCC_C_LANGUAGE_STANDARD</key>
				<string>gnu99</string>
				<key>GCC_NO_COMMON_BLOCKS</key>
				<string>YES</string>
				<key>GCC_WARN_64_TO_32_BIT_CONVERSION</key>
				<string>YES</string>
				<key>GCC_WARN_ABOUT_RETURN_TYPE</key>
				<string>YES_ERROR</string>
				<key>GCC_WARN_UNDECLARED_SELECTOR</key>
				<string>YES</string>
				<key>GCC_WARN_UNINITIALIZED_AUTOS</key>
				<string>YES_AGGRESSIVE</string>
				<key>GCC_WARN_UNUSED_FUNCTION</key>
				<string>YES</string>
				<key>GCC_WARN_UNUSED_VARIABLE</key>
				<string>YES</string>
				<key>IPHONEOS_DEPLOYMENT_TARGET</key>
				<string>9.3</string>
				<key>MTL_ENABLE_DEBUG_INFO</key>
				<string>NO</string>
				<key>SDKROOT</key>
				<string>iphoneos</string>
				<key>TARGETED_DEVICE_FAMILY</key>
				<string>1,2</string>
				<key>VALIDATE_PRODUCT</key>
				<string>YES</string>
			</dict>
			<key>isa</key>
			<string>XCBuildConfiguration</string>
			<key>name</key>
			<string>Release</string>
		</dict>
		<key>C2456DD51C50CF0900A793A4</key>
		<dict>
			<key>buildConfigurations</key>
			<array>
				<string>C2456DD61C50CF0900A793A4</string>
				<string>C2456DD71C50CF0900A793A4</string>
			</array>
			<key>defaultConfigurationIsVisible</key>
			<string>0</string>
			<key>defaultConfigurationName</key>
			<string>Release</string>
			<key>isa</key>
			<string>XCConfigurationList</string>
		</dict>
		<key>C2456DD61C50CF0900A793A4</key>
		<dict>
			<key>baseConfigurationReference</key>
			<string>6660D922B4A84511A96BE30D</string>
			<key>buildSettings</key>
			<dict>
				<key>ASSETCATALOG_COMPILER_APPICON_NAME</key>
				<string>AppIcon</string>
				<key>ASSETCATALOG_COMPILER_LAUNCHIMAGE_NAME</key>
				<string>Brand Assets</string>
				<key>INFOPLIST_FILE</key>
				<string>HMRefresh/Info.plist</string>
				<key>IPHONEOS_DEPLOYMENT_TARGET</key>
				<string>7.0</string>
				<key>LD_RUNPATH_SEARCH_PATHS</key>
				<string>$(inherited) @executable_path/Frameworks</string>
				<key>PRODUCT_BUNDLE_IDENTIFIER</key>
				<string>com.itheima.HMRefresh</string>
				<key>PRODUCT_NAME</key>
				<string>$(TARGET_NAME)</string>
				<key>TARGETED_DEVICE_FAMILY</key>
				<string>1</string>
			</dict>
			<key>isa</key>
			<string>XCBuildConfiguration</string>
			<key>name</key>
			<string>Debug</string>
		</dict>
		<key>C2456DD71C50CF0900A793A4</key>
		<dict>
			<key>baseConfigurationReference</key>
			<string>41FA0DE688F20AC1D8421238</string>
			<key>buildSettings</key>
			<dict>
				<key>ASSETCATALOG_COMPILER_APPICON_NAME</key>
				<string>AppIcon</string>
				<key>ASSETCATALOG_COMPILER_LAUNCHIMAGE_NAME</key>
				<string>Brand Assets</string>
				<key>INFOPLIST_FILE</key>
				<string>HMRefresh/Info.plist</string>
				<key>IPHONEOS_DEPLOYMENT_TARGET</key>
				<string>7.0</string>
				<key>LD_RUNPATH_SEARCH_PATHS</key>
				<string>$(inherited) @executable_path/Frameworks</string>
				<key>PRODUCT_BUNDLE_IDENTIFIER</key>
				<string>com.itheima.HMRefresh</string>
				<key>PRODUCT_NAME</key>
				<string>$(TARGET_NAME)</string>
				<key>TARGETED_DEVICE_FAMILY</key>
				<string>1</string>
			</dict>
			<key>isa</key>
			<string>XCBuildConfiguration</string>
			<key>name</key>
			<string>Release</string>
		</dict>
		<key>C2456DD81C50D8BA00A793A4</key>
		<dict>
			<key>children</key>
			<array>
				<string>C2456DED1C51B8A000A793A4</string>
				<string>C2456DF21C51BC8500A793A4</string>
				<string>C2456DF31C51BC8500A793A4</string>
				<string>C2456DEE1C51B8A000A793A4</string>
				<string>C2456DEF1C51B8A000A793A4</string>
			</array>
			<key>isa</key>
			<string>PBXGroup</string>
			<key>path</key>
			<string>HMRefresh</string>
			<key>sourceTree</key>
			<string>&lt;group&gt;</string>
		</dict>
		<key>C2456DD91C50D8E000A793A4</key>
		<dict>
			<key>children</key>
			<array>
				<string>C2456DDA1C50D8E000A793A4</string>
				<string>C2456DDB1C50D8E000A793A4</string>
				<string>C2F95C421C6ED81B00936BA9</string>
				<string>C2F95C431C6ED81B00936BA9</string>
				<string>C2F95C3F1C6ED4CA00936BA9</string>
				<string>C2F95C401C6ED4CA00936BA9</string>
			</array>
			<key>isa</key>
			<string>PBXGroup</string>
			<key>path</key>
			<string>DataModel</string>
			<key>sourceTree</key>
			<string>&lt;group&gt;</string>
		</dict>
		<key>C2456DDA1C50D8E000A793A4</key>
		<dict>
			<key>fileEncoding</key>
			<string>4</string>
			<key>isa</key>
			<string>PBXFileReference</string>
			<key>lastKnownFileType</key>
			<string>sourcecode.c.h</string>
			<key>path</key>
			<string>DataModel.h</string>
			<key>sourceTree</key>
			<string>&lt;group&gt;</string>
		</dict>
		<key>C2456DDB1C50D8E000A793A4</key>
		<dict>
			<key>fileEncoding</key>
			<string>4</string>
			<key>isa</key>
			<string>PBXFileReference</string>
			<key>lastKnownFileType</key>
			<string>sourcecode.c.objc</string>
			<key>path</key>
			<string>DataModel.m</string>
			<key>sourceTree</key>
			<string>&lt;group&gt;</string>
		</dict>
		<key>C2456DDC1C50D8E000A793A4</key>
		<dict>
			<key>fileRef</key>
			<string>C2456DDB1C50D8E000A793A4</string>
			<key>isa</key>
			<string>PBXBuildFile</string>
		</dict>
		<key>C2456DDD1C50D94E00A793A4</key>
		<dict>
			<key>fileEncoding</key>
			<string>4</string>
			<key>isa</key>
			<string>PBXFileReference</string>
			<key>lastKnownFileType</key>
			<string>sourcecode.c.h</string>
			<key>path</key>
			<string>MainTableViewController.h</string>
			<key>sourceTree</key>
			<string>&lt;group&gt;</string>
		</dict>
		<key>C2456DDE1C50D94E00A793A4</key>
		<dict>
			<key>fileEncoding</key>
			<string>4</string>
			<key>isa</key>
			<string>PBXFileReference</string>
			<key>lastKnownFileType</key>
			<string>sourcecode.c.objc</string>
			<key>path</key>
			<string>MainTableViewController.m</string>
			<key>sourceTree</key>
			<string>&lt;group&gt;</string>
		</dict>
		<key>C2456DDF1C50D94E00A793A4</key>
		<dict>
			<key>fileRef</key>
			<string>C2456DDE1C50D94E00A793A4</string>
			<key>isa</key>
			<string>PBXBuildFile</string>
		</dict>
		<key>C2456DE01C50D9FA00A793A4</key>
		<dict>
			<key>children</key>
			<array>
				<string>C2456DE41C50DA4000A793A4</string>
				<string>C2F95C451C6EDAAF00936BA9</string>
				<string>C2F95C461C6EDAAF00936BA9</string>
				<string>C22ECCB31C520F0400435F16</string>
				<string>C28476741C5D5C3100905F02</string>
				<string>C22ECCB41C520F1000435F16</string>
				<string>C2B8DB051C557018006AD0A1</string>
				<string>C22ECCB51C520F1A00435F16</string>
			</array>
			<key>isa</key>
			<string>PBXGroup</string>
			<key>path</key>
			<string>Demo</string>
			<key>sourceTree</key>
			<string>&lt;group&gt;</string>
		</dict>
		<key>C2456DE11C50DA1C00A793A4</key>
		<dict>
			<key>fileEncoding</key>
			<string>4</string>
			<key>isa</key>
			<string>PBXFileReference</string>
			<key>lastKnownFileType</key>
			<string>sourcecode.c.h</string>
			<key>path</key>
			<string>SimpleTableViewController.h</string>
			<key>sourceTree</key>
			<string>&lt;group&gt;</string>
		</dict>
		<key>C2456DE21C50DA1C00A793A4</key>
		<dict>
			<key>fileEncoding</key>
			<string>4</string>
			<key>isa</key>
			<string>PBXFileReference</string>
			<key>lastKnownFileType</key>
			<string>sourcecode.c.objc</string>
			<key>path</key>
			<string>SimpleTableViewController.m</string>
			<key>sourceTree</key>
			<string>&lt;group&gt;</string>
		</dict>
		<key>C2456DE31C50DA1C00A793A4</key>
		<dict>
			<key>fileRef</key>
			<string>C2456DE21C50DA1C00A793A4</string>
			<key>isa</key>
			<string>PBXBuildFile</string>
		</dict>
		<key>C2456DE41C50DA4000A793A4</key>
		<dict>
			<key>isa</key>
			<string>PBXFileReference</string>
			<key>lastKnownFileType</key>
			<string>sourcecode.c.h</string>
			<key>path</key>
			<string>DemoControllers.h</string>
			<key>sourceTree</key>
			<string>&lt;group&gt;</string>
		</dict>
		<key>C2456DED1C51B8A000A793A4</key>
		<dict>
			<key>isa</key>
			<string>PBXFileReference</string>
			<key>lastKnownFileType</key>
			<string>wrapper.plug-in</string>
			<key>path</key>
			<string>HMRefresh.bundle</string>
			<key>sourceTree</key>
			<string>&lt;group&gt;</string>
		</dict>
		<key>C2456DEE1C51B8A000A793A4</key>
		<dict>
			<key>fileEncoding</key>
			<string>4</string>
			<key>isa</key>
			<string>PBXFileReference</string>
			<key>lastKnownFileType</key>
			<string>sourcecode.c.h</string>
			<key>path</key>
			<string>HMRefreshView.h</string>
			<key>sourceTree</key>
			<string>&lt;group&gt;</string>
		</dict>
		<key>C2456DEF1C51B8A000A793A4</key>
		<dict>
			<key>fileEncoding</key>
			<string>4</string>
			<key>isa</key>
			<string>PBXFileReference</string>
			<key>lastKnownFileType</key>
			<string>sourcecode.c.objc</string>
			<key>path</key>
			<string>HMRefreshView.m</string>
			<key>sourceTree</key>
			<string>&lt;group&gt;</string>
		</dict>
		<key>C2456DF01C51B8A000A793A4</key>
		<dict>
			<key>fileRef</key>
			<string>C2456DED1C51B8A000A793A4</string>
			<key>isa</key>
			<string>PBXBuildFile</string>
		</dict>
		<key>C2456DF11C51B8A000A793A4</key>
		<dict>
			<key>fileRef</key>
			<string>C2456DEF1C51B8A000A793A4</string>
			<key>isa</key>
			<string>PBXBuildFile</string>
		</dict>
		<key>C2456DF21C51BC8500A793A4</key>
		<dict>
			<key>fileEncoding</key>
			<string>4</string>
			<key>isa</key>
			<string>PBXFileReference</string>
			<key>lastKnownFileType</key>
			<string>sourcecode.c.h</string>
			<key>path</key>
			<string>HMRefreshControl.h</string>
			<key>sourceTree</key>
			<string>&lt;group&gt;</string>
		</dict>
		<key>C2456DF31C51BC8500A793A4</key>
		<dict>
			<key>fileEncoding</key>
			<string>4</string>
			<key>isa</key>
			<string>PBXFileReference</string>
			<key>lastKnownFileType</key>
			<string>sourcecode.c.objc</string>
			<key>path</key>
			<string>HMRefreshControl.m</string>
			<key>sourceTree</key>
			<string>&lt;group&gt;</string>
		</dict>
		<key>C2456DF41C51BC8500A793A4</key>
		<dict>
			<key>fileRef</key>
			<string>C2456DF31C51BC8500A793A4</string>
			<key>isa</key>
			<string>PBXBuildFile</string>
		</dict>
		<key>C25056121C51EF8700EC7C67</key>
		<dict>
			<key>fileEncoding</key>
			<string>4</string>
			<key>isa</key>
			<string>PBXFileReference</string>
			<key>lastKnownFileType</key>
			<string>sourcecode.c.h</string>
			<key>path</key>
			<string>SimpleCollectionViewController.h</string>
			<key>sourceTree</key>
			<string>&lt;group&gt;</string>
		</dict>
		<key>C25056131C51EF8700EC7C67</key>
		<dict>
			<key>fileEncoding</key>
			<string>4</string>
			<key>isa</key>
			<string>PBXFileReference</string>
			<key>lastKnownFileType</key>
			<string>sourcecode.c.objc</string>
			<key>path</key>
			<string>SimpleCollectionViewController.m</string>
			<key>sourceTree</key>
			<string>&lt;group&gt;</string>
		</dict>
		<key>C25056141C51EF8700EC7C67</key>
		<dict>
			<key>fileRef</key>
			<string>C25056131C51EF8700EC7C67</string>
			<key>isa</key>
			<string>PBXBuildFile</string>
		</dict>
		<key>C25056151C51F91300EC7C67</key>
		<dict>
			<key>fileEncoding</key>
			<string>4</string>
			<key>isa</key>
			<string>PBXFileReference</string>
			<key>lastKnownFileType</key>
			<string>sourcecode.c.h</string>
			<key>path</key>
			<string>DemoCollectionViewCell.h</string>
			<key>sourceTree</key>
			<string>&lt;group&gt;</string>
		</dict>
		<key>C25056161C51F91300EC7C67</key>
		<dict>
			<key>fileEncoding</key>
			<string>4</string>
			<key>isa</key>
			<string>PBXFileReference</string>
			<key>lastKnownFileType</key>
			<string>sourcecode.c.objc</string>
			<key>path</key>
			<string>DemoCollectionViewCell.m</string>
			<key>sourceTree</key>
			<string>&lt;group&gt;</string>
		</dict>
		<key>C25056171C51F91300EC7C67</key>
		<dict>
			<key>fileRef</key>
			<string>C25056161C51F91300EC7C67</string>
			<key>isa</key>
			<string>PBXBuildFile</string>
		</dict>
		<key>C25056181C520A0E00EC7C67</key>
		<dict>
			<key>fileEncoding</key>
			<string>4</string>
			<key>isa</key>
			<string>PBXFileReference</string>
			<key>lastKnownFileType</key>
			<string>sourcecode.c.h</string>
			<key>path</key>
			<string>CustomTableViewController.h</string>
			<key>sourceTree</key>
			<string>&lt;group&gt;</string>
		</dict>
		<key>C25056191C520A0E00EC7C67</key>
		<dict>
			<key>fileEncoding</key>
			<string>4</string>
			<key>isa</key>
			<string>PBXFileReference</string>
			<key>lastKnownFileType</key>
			<string>sourcecode.c.objc</string>
			<key>path</key>
			<string>CustomTableViewController.m</string>
			<key>sourceTree</key>
			<string>&lt;group&gt;</string>
		</dict>
		<key>C250561A1C520A0E00EC7C67</key>
		<dict>
			<key>fileRef</key>
			<string>C25056191C520A0E00EC7C67</string>
			<key>isa</key>
			<string>PBXBuildFile</string>
		</dict>
		<key>C267B13C1C5CC83600CBF3A9</key>
		<dict>
			<key>fileEncoding</key>
			<string>4</string>
			<key>isa</key>
			<string>PBXFileReference</string>
			<key>lastKnownFileType</key>
			<string>sourcecode.c.h</string>
			<key>path</key>
			<string>SimpleViewController.h</string>
			<key>sourceTree</key>
			<string>&lt;group&gt;</string>
		</dict>
		<key>C267B13D1C5CC83600CBF3A9</key>
		<dict>
			<key>fileEncoding</key>
			<string>4</string>
			<key>isa</key>
			<string>PBXFileReference</string>
			<key>lastKnownFileType</key>
			<string>sourcecode.c.objc</string>
			<key>path</key>
			<string>SimpleViewController.m</string>
			<key>sourceTree</key>
			<string>&lt;group&gt;</string>
		</dict>
		<key>C267B13E1C5CC83600CBF3A9</key>
		<dict>
			<key>fileRef</key>
			<string>C267B13D1C5CC83600CBF3A9</string>
			<key>isa</key>
			<string>PBXBuildFile</string>
		</dict>
		<key>C28476741C5D5C3100905F02</key>
		<dict>
			<key>children</key>
			<array>
				<string>C267B13C1C5CC83600CBF3A9</string>
				<string>C267B13D1C5CC83600CBF3A9</string>
			</array>
			<key>isa</key>
			<string>PBXGroup</string>
			<key>name</key>
			<string>UIViewController+TableView</string>
			<key>sourceTree</key>
			<string>&lt;group&gt;</string>
		</dict>
		<key>C2B8DB021C557012006AD0A1</key>
		<dict>
			<key>fileEncoding</key>
			<string>4</string>
			<key>isa</key>
			<string>PBXFileReference</string>
			<key>lastKnownFileType</key>
			<string>sourcecode.c.h</string>
			<key>path</key>
			<string>BaiduWMTableViewController.h</string>
			<key>sourceTree</key>
			<string>&lt;group&gt;</string>
		</dict>
		<key>C2B8DB031C557012006AD0A1</key>
		<dict>
			<key>fileEncoding</key>
			<string>4</string>
			<key>isa</key>
			<string>PBXFileReference</string>
			<key>lastKnownFileType</key>
			<string>sourcecode.c.objc</string>
			<key>path</key>
			<string>BaiduWMTableViewController.m</string>
			<key>sourceTree</key>
			<string>&lt;group&gt;</string>
		</dict>
		<key>C2B8DB041C557012006AD0A1</key>
		<dict>
			<key>fileRef</key>
			<string>C2B8DB031C557012006AD0A1</string>
			<key>isa</key>
			<string>PBXBuildFile</string>
		</dict>
		<key>C2B8DB051C557018006AD0A1</key>
		<dict>
			<key>children</key>
			<array>
				<string>C2B8DB021C557012006AD0A1</string>
				<string>C2B8DB031C557012006AD0A1</string>
				<string>C2B8DB061C557136006AD0A1</string>
				<string>C2B8DB071C557136006AD0A1</string>
				<string>C2B8DB091C557283006AD0A1</string>
			</array>
			<key>isa</key>
			<string>PBXGroup</string>
			<key>name</key>
			<string>&#20223;&#30334;&#24230;&#22806;&#21334;</string>
			<key>sourceTree</key>
			<string>&lt;group&gt;</string>
		</dict>
		<key>C2B8DB061C557136006AD0A1</key>
		<dict>
			<key>fileEncoding</key>
			<string>4</string>
			<key>isa</key>
			<string>PBXFileReference</string>
			<key>lastKnownFileType</key>
			<string>sourcecode.c.h</string>
			<key>path</key>
			<string>BaiduWMRefreshView.h</string>
			<key>sourceTree</key>
			<string>&lt;group&gt;</string>
		</dict>
		<key>C2B8DB071C557136006AD0A1</key>
		<dict>
			<key>fileEncoding</key>
			<string>4</string>
			<key>isa</key>
			<string>PBXFileReference</string>
			<key>lastKnownFileType</key>
			<string>sourcecode.c.objc</string>
			<key>path</key>
			<string>BaiduWMRefreshView.m</string>
			<key>sourceTree</key>
			<string>&lt;group&gt;</string>
		</dict>
		<key>C2B8DB081C557136006AD0A1</key>
		<dict>
			<key>fileRef</key>
			<string>C2B8DB071C557136006AD0A1</string>
			<key>isa</key>
			<string>PBXBuildFile</string>
		</dict>
		<key>C2B8DB091C557283006AD0A1</key>
		<dict>
			<key>fileEncoding</key>
			<string>4</string>
			<key>isa</key>
			<string>PBXFileReference</string>
			<key>lastKnownFileType</key>
			<string>file.xib</string>
			<key>path</key>
			<string>BaiduWMRefreshView.xib</string>
			<key>sourceTree</key>
			<string>&lt;group&gt;</string>
		</dict>
		<key>C2B8DB0A1C557283006AD0A1</key>
		<dict>
			<key>fileRef</key>
			<string>C2B8DB091C557283006AD0A1</string>
			<key>isa</key>
			<string>PBXBuildFile</string>
		</dict>
		<key>C2EB65481C520B480040A4B4</key>
		<dict>
			<key>fileEncoding</key>
			<string>4</string>
			<key>isa</key>
			<string>PBXFileReference</string>
			<key>lastKnownFileType</key>
			<string>sourcecode.c.h</string>
			<key>path</key>
			<string>DemoRefreshView.h</string>
			<key>sourceTree</key>
			<string>&lt;group&gt;</string>
		</dict>
		<key>C2EB65491C520B480040A4B4</key>
		<dict>
			<key>fileEncoding</key>
			<string>4</string>
			<key>isa</key>
			<string>PBXFileReference</string>
			<key>lastKnownFileType</key>
			<string>sourcecode.c.objc</string>
			<key>path</key>
			<string>DemoRefreshView.m</string>
			<key>sourceTree</key>
			<string>&lt;group&gt;</string>
		</dict>
		<key>C2EB654A1C520B480040A4B4</key>
		<dict>
			<key>fileRef</key>
			<string>C2EB65491C520B480040A4B4</string>
			<key>isa</key>
			<string>PBXBuildFile</string>
		</dict>
		<key>C2EB654B1C520B680040A4B4</key>
		<dict>
			<key>fileEncoding</key>
			<string>4</string>
			<key>isa</key>
			<string>PBXFileReference</string>
			<key>lastKnownFileType</key>
			<string>file.xib</string>
			<key>path</key>
			<string>DemoRefreshView.xib</string>
			<key>sourceTree</key>
			<string>&lt;group&gt;</string>
		</dict>
		<key>C2EB654C1C520B680040A4B4</key>
		<dict>
			<key>fileRef</key>
			<string>C2EB654B1C520B680040A4B4</string>
			<key>isa</key>
			<string>PBXBuildFile</string>
		</dict>
		<key>C2F95C3F1C6ED4CA00936BA9</key>
		<dict>
			<key>fileEncoding</key>
			<string>4</string>
			<key>isa</key>
			<string>PBXFileReference</string>
			<key>lastKnownFileType</key>
			<string>sourcecode.c.h</string>
			<key>path</key>
			<string>DemoModel.h</string>
			<key>sourceTree</key>
			<string>&lt;group&gt;</string>
		</dict>
		<key>C2F95C401C6ED4CA00936BA9</key>
		<dict>
			<key>fileEncoding</key>
			<string>4</string>
			<key>isa</key>
			<string>PBXFileReference</string>
			<key>lastKnownFileType</key>
			<string>sourcecode.c.objc</string>
			<key>path</key>
			<string>DemoModel.m</string>
			<key>sourceTree</key>
			<string>&lt;group&gt;</string>
		</dict>
		<key>C2F95C411C6ED4CA00936BA9</key>
		<dict>
			<key>fileRef</key>
			<string>C2F95C401C6ED4CA00936BA9</string>
			<key>isa</key>
			<string>PBXBuildFile</string>
		</dict>
		<key>C2F95C421C6ED81B00936BA9</key>
		<dict>
			<key>fileEncoding</key>
			<string>4</string>
			<key>isa</key>
			<string>PBXFileReference</string>
			<key>lastKnownFileType</key>
			<string>sourcecode.c.h</string>
			<key>path</key>
			<string>DemoListViewModel.h</string>
			<key>sourceTree</key>
			<string>&lt;group&gt;</string>
		</dict>
		<key>C2F95C431C6ED81B00936BA9</key>
		<dict>
			<key>fileEncoding</key>
			<string>4</string>
			<key>isa</key>
			<string>PBXFileReference</string>
			<key>lastKnownFileType</key>
			<string>sourcecode.c.objc</string>
			<key>path</key>
			<string>DemoListViewModel.m</string>
			<key>sourceTree</key>
			<string>&lt;group&gt;</string>
		</dict>
		<key>C2F95C441C6ED81B00936BA9</key>
		<dict>
			<key>fileRef</key>
			<string>C2F95C431C6ED81B00936BA9</string>
			<key>isa</key>
			<string>PBXBuildFile</string>
		</dict>
		<key>C2F95C451C6EDAAF00936BA9</key>
		<dict>
			<key>fileEncoding</key>
			<string>4</string>
			<key>isa</key>
			<string>PBXFileReference</string>
			<key>lastKnownFileType</key>
			<string>sourcecode.c.h</string>
			<key>path</key>
			<string>SimpleCell.h</string>
			<key>sourceTree</key>
			<string>&lt;group&gt;</string>
		</dict>
		<key>C2F95C461C6EDAAF00936BA9</key>
		<dict>
			<key>fileEncoding</key>
			<string>4</string>
			<key>isa</key>
			<string>PBXFileReference</string>
			<key>lastKnownFileType</key>
			<string>sourcecode.c.objc</string>
			<key>path</key>
			<string>SimpleCell.m</string>
			<key>sourceTree</key>
			<string>&lt;group&gt;</string>
		</dict>
		<key>C2F95C471C6EDAAF00936BA9</key>
		<dict>
			<key>fileRef</key>
			<string>C2F95C461C6EDAAF00936BA9</string>
			<key>isa</key>
			<string>PBXBuildFile</string>
		</dict>
		<key>EC64D32863E90DBFE4AD4139</key>
		<dict>
			<key>explicitFileType</key>
			<string>archive.ar</string>
			<key>includeInIndex</key>
			<string>0</string>
			<key>isa</key>
			<string>PBXFileReference</string>
			<key>path</key>
			<string>libPods-HMRefresh.a</string>
			<key>sourceTree</key>
			<string>BUILT_PRODUCTS_DIR</string>
		</dict>
	</dict>
	<key>rootObject</key>
	<string>C2456DB61C50CF0900A793A4</string>
</dict>
</plist>
